// !$*UTF8*$!
{
	archiveVersion = 1;
	classes = {
	};
	objectVersion = 46;
	objects = {

/* Begin PBXBuildFile section */
		697D0B351823EEAE00D2E941 /* AFHTTPRequestOperationManager.m in Sources */ = {isa = PBXBuildFile; fileRef = 697D0B281823EEAE00D2E941 /* AFHTTPRequestOperationManager.m */; };
		697D0B361823EEAE00D2E941 /* AFHTTPSessionManager.m in Sources */ = {isa = PBXBuildFile; fileRef = 697D0B2A1823EEAE00D2E941 /* AFHTTPSessionManager.m */; };
		697D0B371823EEAE00D2E941 /* AFNetworkReachabilityManager.m in Sources */ = {isa = PBXBuildFile; fileRef = 697D0B2C1823EEAE00D2E941 /* AFNetworkReachabilityManager.m */; };
		697D0B381823EEAE00D2E941 /* AFSecurityPolicy.m in Sources */ = {isa = PBXBuildFile; fileRef = 697D0B2E1823EEAE00D2E941 /* AFSecurityPolicy.m */; };
		697D0B391823EEAE00D2E941 /* AFURLRequestSerialization.m in Sources */ = {isa = PBXBuildFile; fileRef = 697D0B301823EEAE00D2E941 /* AFURLRequestSerialization.m */; };
		697D0B3A1823EEAE00D2E941 /* AFURLResponseSerialization.m in Sources */ = {isa = PBXBuildFile; fileRef = 697D0B321823EEAE00D2E941 /* AFURLResponseSerialization.m */; };
		697D0B3B1823EEAE00D2E941 /* AFURLSessionManager.m in Sources */ = {isa = PBXBuildFile; fileRef = 697D0B341823EEAE00D2E941 /* AFURLSessionManager.m */; };
		697ED6FB181FF75B006FD738 /* location.png in Resources */ = {isa = PBXBuildFile; fileRef = 697ED6F9181FF75B006FD738 /* location.png */; };
		697ED6FC181FF75B006FD738 /* location@2x.png in Resources */ = {isa = PBXBuildFile; fileRef = 697ED6FA181FF75B006FD738 /* location@2x.png */; };
		69B27AC8181966D0005C5FBF /* Localizable.strings in Resources */ = {isa = PBXBuildFile; fileRef = 69B27AC6181966D0005C5FBF /* Localizable.strings */; };
		69CBB4371816C1F100F9DB01 /* Foundation.framework in Frameworks */ = {isa = PBXBuildFile; fileRef = 69CBB4361816C1F100F9DB01 /* Foundation.framework */; };
		69CBB4391816C1F100F9DB01 /* CoreGraphics.framework in Frameworks */ = {isa = PBXBuildFile; fileRef = 69CBB4381816C1F100F9DB01 /* CoreGraphics.framework */; };
		69CBB43B1816C1F100F9DB01 /* UIKit.framework in Frameworks */ = {isa = PBXBuildFile; fileRef = 69CBB43A1816C1F100F9DB01 /* UIKit.framework */; };
		69CBB4411816C1F100F9DB01 /* InfoPlist.strings in Resources */ = {isa = PBXBuildFile; fileRef = 69CBB43F1816C1F100F9DB01 /* InfoPlist.strings */; };
		69CBB4431816C1F100F9DB01 /* main.m in Sources */ = {isa = PBXBuildFile; fileRef = 69CBB4421816C1F100F9DB01 /* main.m */; };
		69CBB4471816C1F100F9DB01 /* AppDelegate.m in Sources */ = {isa = PBXBuildFile; fileRef = 69CBB4461816C1F100F9DB01 /* AppDelegate.m */; };
		69CBB44A1816C1F100F9DB01 /* Main.storyboard in Resources */ = {isa = PBXBuildFile; fileRef = 69CBB4481816C1F100F9DB01 /* Main.storyboard */; };
		69CBB44F1816C1F100F9DB01 /* Images.xcassets in Resources */ = {isa = PBXBuildFile; fileRef = 69CBB44E1816C1F100F9DB01 /* Images.xcassets */; };
		69CBB4561816C1F100F9DB01 /* XCTest.framework in Frameworks */ = {isa = PBXBuildFile; fileRef = 69CBB4551816C1F100F9DB01 /* XCTest.framework */; };
		69CBB4571816C1F100F9DB01 /* Foundation.framework in Frameworks */ = {isa = PBXBuildFile; fileRef = 69CBB4361816C1F100F9DB01 /* Foundation.framework */; };
		69CBB4581816C1F100F9DB01 /* UIKit.framework in Frameworks */ = {isa = PBXBuildFile; fileRef = 69CBB43A1816C1F100F9DB01 /* UIKit.framework */; };
		69CBB4601816C1F100F9DB01 /* InfoPlist.strings in Resources */ = {isa = PBXBuildFile; fileRef = 69CBB45E1816C1F100F9DB01 /* InfoPlist.strings */; };
		69CBB4621816C1F100F9DB01 /* GeoReporterTests.m in Sources */ = {isa = PBXBuildFile; fileRef = 69CBB4611816C1F100F9DB01 /* GeoReporterTests.m */; };
		69CBB4C81816D30100F9DB01 /* Open311.m in Sources */ = {isa = PBXBuildFile; fileRef = 69CBB4C31816D30100F9DB01 /* Open311.m */; };
		69CBB4C91816D30100F9DB01 /* Preferences.m in Sources */ = {isa = PBXBuildFile; fileRef = 69CBB4C51816D30100F9DB01 /* Preferences.m */; };
		69CBB4CA1816D30100F9DB01 /* Report.m in Sources */ = {isa = PBXBuildFile; fileRef = 69CBB4C71816D30100F9DB01 /* Report.m */; };
		69CBB4D21816D31400F9DB01 /* Maps.m in Sources */ = {isa = PBXBuildFile; fileRef = 69CBB4CD1816D31400F9DB01 /* Maps.m */; };
		69CBB4D31816D31400F9DB01 /* Media.m in Sources */ = {isa = PBXBuildFile; fileRef = 69CBB4CF1816D31400F9DB01 /* Media.m */; };
		69CBB4D41816D31400F9DB01 /* Strings.m in Sources */ = {isa = PBXBuildFile; fileRef = 69CBB4D11816D31400F9DB01 /* Strings.m */; };
		69CBB5111816D32400F9DB01 /* AboutController.m in Sources */ = {isa = PBXBuildFile; fileRef = 69CBB4D71816D32400F9DB01 /* AboutController.m */; };
		69CBB5121816D32400F9DB01 /* AddServerController.m in Sources */ = {isa = PBXBuildFile; fileRef = 69CBB4D91816D32400F9DB01 /* AddServerController.m */; };
		69CBB5131816D32400F9DB01 /* ArchiveController.m in Sources */ = {isa = PBXBuildFile; fileRef = 69CBB4DB1816D32400F9DB01 /* ArchiveController.m */; };
		69CBB5141816D32400F9DB01 /* ChooseGroupController.m in Sources */ = {isa = PBXBuildFile; fileRef = 69CBB4DD1816D32400F9DB01 /* ChooseGroupController.m */; };
		69CBB5151816D32400F9DB01 /* ChooseServiceController.m in Sources */ = {isa = PBXBuildFile; fileRef = 69CBB4DF1816D32400F9DB01 /* ChooseServiceController.m */; };
		69CBB51A1816D32400F9DB01 /* FooterCell.m in Sources */ = {isa = PBXBuildFile; fileRef = 69CBB4EB1816D32400F9DB01 /* FooterCell.m */; };
		69CBB51B1816D32400F9DB01 /* LocationCell.m in Sources */ = {isa = PBXBuildFile; fileRef = 69CBB4ED1816D32400F9DB01 /* LocationCell.m */; };
		69CBB51C1816D32400F9DB01 /* MediaCell.m in Sources */ = {isa = PBXBuildFile; fileRef = 69CBB4EF1816D32400F9DB01 /* MediaCell.m */; };
		69CBB51D1816D32400F9DB01 /* MultiValueListCell.m in Sources */ = {isa = PBXBuildFile; fileRef = 69CBB4F11816D32400F9DB01 /* MultiValueListCell.m */; };
		69CBB51E1816D32400F9DB01 /* SingleValueListCell.m in Sources */ = {isa = PBXBuildFile; fileRef = 69CBB4F31816D32400F9DB01 /* SingleValueListCell.m */; };
		69CBB51F1816D32400F9DB01 /* StringCell.m in Sources */ = {isa = PBXBuildFile; fileRef = 69CBB4F51816D32400F9DB01 /* StringCell.m */; };
		69CBB5201816D32400F9DB01 /* TextCell.m in Sources */ = {isa = PBXBuildFile; fileRef = 69CBB4F71816D32400F9DB01 /* TextCell.m */; };
		69CBB5231816D32400F9DB01 /* ViewReportLocationCell.m in Sources */ = {isa = PBXBuildFile; fileRef = 69CBB4FD1816D32400F9DB01 /* ViewReportLocationCell.m */; };
		69CBB5241816D32400F9DB01 /* FullImageController.m in Sources */ = {isa = PBXBuildFile; fileRef = 69CBB5041816D32400F9DB01 /* FullImageController.m */; };
		69CBB5251816D32400F9DB01 /* HomeController.m in Sources */ = {isa = PBXBuildFile; fileRef = 69CBB5061816D32400F9DB01 /* HomeController.m */; };
		69CBB5261816D32400F9DB01 /* LocationController.m in Sources */ = {isa = PBXBuildFile; fileRef = 69CBB5081816D32400F9DB01 /* LocationController.m */; };
		69CBB5271816D32400F9DB01 /* NewReportController.m in Sources */ = {isa = PBXBuildFile; fileRef = 69CBB50A1816D32400F9DB01 /* NewReportController.m */; };
		69CBB5281816D32400F9DB01 /* PersonalInfoController.m in Sources */ = {isa = PBXBuildFile; fileRef = 69CBB50C1816D32400F9DB01 /* PersonalInfoController.m */; };
		69CBB5291816D32400F9DB01 /* ServersController.m in Sources */ = {isa = PBXBuildFile; fileRef = 69CBB50E1816D32400F9DB01 /* ServersController.m */; };
		69CBB52A1816D32400F9DB01 /* ViewRequestController.m in Sources */ = {isa = PBXBuildFile; fileRef = 69CBB5101816D32400F9DB01 /* ViewRequestController.m */; };
		69CBB5561816D33A00F9DB01 /* accountTableCell.png in Resources */ = {isa = PBXBuildFile; fileRef = 69CBB52C1816D33A00F9DB01 /* accountTableCell.png */; };
		69CBB5571816D33A00F9DB01 /* accountTableCell@2x.png in Resources */ = {isa = PBXBuildFile; fileRef = 69CBB52D1816D33A00F9DB01 /* accountTableCell@2x.png */; };
		69CBB5581816D33A00F9DB01 /* camera.png in Resources */ = {isa = PBXBuildFile; fileRef = 69CBB52E1816D33A00F9DB01 /* camera.png */; };
		69CBB5591816D33A00F9DB01 /* chat.png in Resources */ = {isa = PBXBuildFile; fileRef = 69CBB52F1816D33A00F9DB01 /* chat.png */; };
		69CBB55A1816D33A00F9DB01 /* chat@2x.png in Resources */ = {isa = PBXBuildFile; fileRef = 69CBB5301816D33A00F9DB01 /* chat@2x.png */; };
		69CBB55B1816D33A00F9DB01 /* chatTableCell.png in Resources */ = {isa = PBXBuildFile; fileRef = 69CBB5311816D33A00F9DB01 /* chatTableCell.png */; };
		69CBB55C1816D33A00F9DB01 /* chatTableCell@2x.png in Resources */ = {isa = PBXBuildFile; fileRef = 69CBB5321816D33A00F9DB01 /* chatTableCell@2x.png */; };
		69CBB55D1816D33A00F9DB01 /* checkbox_selected.png in Resources */ = {isa = PBXBuildFile; fileRef = 69CBB5331816D33A00F9DB01 /* checkbox_selected.png */; };
		69CBB55E1816D33A00F9DB01 /* checkbox_selected@2x.png in Resources */ = {isa = PBXBuildFile; fileRef = 69CBB5341816D33A00F9DB01 /* checkbox_selected@2x.png */; };
		69CBB55F1816D33A00F9DB01 /* checkbox_unselected.png in Resources */ = {isa = PBXBuildFile; fileRef = 69CBB5351816D33A00F9DB01 /* checkbox_unselected.png */; };
		69CBB5601816D33A00F9DB01 /* checkbox_unselected@2x.png in Resources */ = {isa = PBXBuildFile; fileRef = 69CBB5361816D33A00F9DB01 /* checkbox_unselected@2x.png */; };
		69CBB5611816D33A00F9DB01 /* bloomington.png in Resources */ = {isa = PBXBuildFile; fileRef = 69CBB5381816D33A00F9DB01 /* bloomington.png */; };
		69CBB5621816D33A00F9DB01 /* bloomington@2x.png in Resources */ = {isa = PBXBuildFile; fileRef = 69CBB5391816D33A00F9DB01 /* bloomington@2x.png */; };
		69CBB5631816D33A00F9DB01 /* bonn.png in Resources */ = {isa = PBXBuildFile; fileRef = 69CBB53A1816D33A00F9DB01 /* bonn.png */; };
		69CBB5641816D33A00F9DB01 /* bonn@2x.png in Resources */ = {isa = PBXBuildFile; fileRef = 69CBB53B1816D33A00F9DB01 /* bonn@2x.png */; };
		69CBB5651816D33A00F9DB01 /* boston.png in Resources */ = {isa = PBXBuildFile; fileRef = 69CBB53C1816D33A00F9DB01 /* boston.png */; };
		69CBB5661816D33A00F9DB01 /* boston@2x.png in Resources */ = {isa = PBXBuildFile; fileRef = 69CBB53D1816D33A00F9DB01 /* boston@2x.png */; };
		69CBB5671816D33A00F9DB01 /* chicago.png in Resources */ = {isa = PBXBuildFile; fileRef = 69CBB53E1816D33A00F9DB01 /* chicago.png */; };
		69CBB5681816D33A00F9DB01 /* chicago@2x.png in Resources */ = {isa = PBXBuildFile; fileRef = 69CBB53F1816D33A00F9DB01 /* chicago@2x.png */; };
		69CBB5691816D33A00F9DB01 /* columbus.png in Resources */ = {isa = PBXBuildFile; fileRef = 69CBB5401816D33A00F9DB01 /* columbus.png */; };
		69CBB56A1816D33A00F9DB01 /* columbus@2x.png in Resources */ = {isa = PBXBuildFile; fileRef = 69CBB5411816D33A00F9DB01 /* columbus@2x.png */; };
		69CBB56B1816D33A00F9DB01 /* open311.png in Resources */ = {isa = PBXBuildFile; fileRef = 69CBB5421816D33A00F9DB01 /* open311.png */; };
		69CBB56C1816D33A00F9DB01 /* open311@2x.png in Resources */ = {isa = PBXBuildFile; fileRef = 69CBB5431816D33A00F9DB01 /* open311@2x.png */; };
		69CBB56D1816D33A00F9DB01 /* close.png in Resources */ = {isa = PBXBuildFile; fileRef = 69CBB5441816D33A00F9DB01 /* close.png */; };
		69CBB56E1816D33A00F9DB01 /* close@2x.png in Resources */ = {isa = PBXBuildFile; fileRef = 69CBB5451816D33A00F9DB01 /* close@2x.png */; };
		69CBB56F1816D33A00F9DB01 /* cross-hairs-small-black-cropped.png in Resources */ = {isa = PBXBuildFile; fileRef = 69CBB5461816D33A00F9DB01 /* cross-hairs-small-black-cropped.png */; };
		69CBB5701816D33A00F9DB01 /* home.png in Resources */ = {isa = PBXBuildFile; fileRef = 69CBB5471816D33A00F9DB01 /* home.png */; };
		69CBB5711816D33A00F9DB01 /* home@2x.png in Resources */ = {isa = PBXBuildFile; fileRef = 69CBB5481816D33A00F9DB01 /* home@2x.png */; };
		69CBB5731816D33A00F9DB01 /* list.png in Resources */ = {isa = PBXBuildFile; fileRef = 69CBB54A1816D33A00F9DB01 /* list.png */; };
		69CBB5741816D33A00F9DB01 /* list@2x.png in Resources */ = {isa = PBXBuildFile; fileRef = 69CBB54B1816D33A00F9DB01 /* list@2x.png */; };
		69CBB5751816D33A00F9DB01 /* listTableCell.png in Resources */ = {isa = PBXBuildFile; fileRef = 69CBB54C1816D33A00F9DB01 /* listTableCell.png */; };
		69CBB5761816D33A00F9DB01 /* listTableCell@2x.png in Resources */ = {isa = PBXBuildFile; fileRef = 69CBB54D1816D33A00F9DB01 /* listTableCell@2x.png */; };
		69CBB5771816D33A00F9DB01 /* megaphone.png in Resources */ = {isa = PBXBuildFile; fileRef = 69CBB54E1816D33A00F9DB01 /* megaphone.png */; };
		69CBB5781816D33A00F9DB01 /* megaphone@2x.png in Resources */ = {isa = PBXBuildFile; fileRef = 69CBB54F1816D33A00F9DB01 /* megaphone@2x.png */; };
		69CBB5791816D33A00F9DB01 /* radio_selected.png in Resources */ = {isa = PBXBuildFile; fileRef = 69CBB5501816D33A00F9DB01 /* radio_selected.png */; };
		69CBB57A1816D33A00F9DB01 /* radio_selected@2x.png in Resources */ = {isa = PBXBuildFile; fileRef = 69CBB5511816D33A00F9DB01 /* radio_selected@2x.png */; };
		69CBB57B1816D33A00F9DB01 /* radio_unselected.png in Resources */ = {isa = PBXBuildFile; fileRef = 69CBB5521816D33A00F9DB01 /* radio_unselected.png */; };
		69CBB57C1816D33A00F9DB01 /* radio_unselected@2x.png in Resources */ = {isa = PBXBuildFile; fileRef = 69CBB5531816D33A00F9DB01 /* radio_unselected@2x.png */; };
		69CBB57D1816D33A00F9DB01 /* serverTableCell.png in Resources */ = {isa = PBXBuildFile; fileRef = 69CBB5541816D33A00F9DB01 /* serverTableCell.png */; };
		69CBB57E1816D33A00F9DB01 /* serverTableCell@2x.png in Resources */ = {isa = PBXBuildFile; fileRef = 69CBB5551816D33A00F9DB01 /* serverTableCell@2x.png */; };
		69CBB5861816F12700F9DB01 /* MBProgressHUD.m in Sources */ = {isa = PBXBuildFile; fileRef = 69CBB5851816F12700F9DB01 /* MBProgressHUD.m */; };
		69CBB5881816F63D00F9DB01 /* CoreTelephony.framework in Frameworks */ = {isa = PBXBuildFile; fileRef = 69CBB5871816F63D00F9DB01 /* CoreTelephony.framework */; };
		69CBB5991816F84E00F9DB01 /* NBAsYouTypeFormatter.m in Sources */ = {isa = PBXBuildFile; fileRef = 69CBB58B1816F84E00F9DB01 /* NBAsYouTypeFormatter.m */; };
		69CBB59A1816F84E00F9DB01 /* NBNumberFormat.m in Sources */ = {isa = PBXBuildFile; fileRef = 69CBB58D1816F84E00F9DB01 /* NBNumberFormat.m */; };
		69CBB59B1816F84E00F9DB01 /* NBPhoneMetaData.m in Sources */ = {isa = PBXBuildFile; fileRef = 69CBB58F1816F84E00F9DB01 /* NBPhoneMetaData.m */; };
		69CBB59C1816F84E00F9DB01 /* NBPhoneNumber.m in Sources */ = {isa = PBXBuildFile; fileRef = 69CBB5911816F84E00F9DB01 /* NBPhoneNumber.m */; };
		69CBB59D1816F84E00F9DB01 /* NBPhoneNumberDesc.m in Sources */ = {isa = PBXBuildFile; fileRef = 69CBB5941816F84E00F9DB01 /* NBPhoneNumberDesc.m */; };
		69CBB59E1816F84E00F9DB01 /* NBPhoneNumberMetadata.plist in Resources */ = {isa = PBXBuildFile; fileRef = 69CBB5951816F84E00F9DB01 /* NBPhoneNumberMetadata.plist */; };
		69CBB59F1816F84E00F9DB01 /* NBPhoneNumberMetadataForTesting.plist in Resources */ = {isa = PBXBuildFile; fileRef = 69CBB5961816F84E00F9DB01 /* NBPhoneNumberMetadataForTesting.plist */; };
		69CBB5A01816F84E00F9DB01 /* NBPhoneNumberUtil.m in Sources */ = {isa = PBXBuildFile; fileRef = 69CBB5981816F84E00F9DB01 /* NBPhoneNumberUtil.m */; };
		69CBB5A31816F8F600F9DB01 /* about.html in Resources */ = {isa = PBXBuildFile; fileRef = 69CBB5A11816F8F600F9DB01 /* about.html */; };
		69CBB5A41816F8F600F9DB01 /* AvailableServers.plist in Resources */ = {isa = PBXBuildFile; fileRef = 69CBB5A21816F8F600F9DB01 /* AvailableServers.plist */; };
		69CBB5A71816FF2B00F9DB01 /* NSArray+NBAdditions.m in Sources */ = {isa = PBXBuildFile; fileRef = 69CBB5A61816FF2B00F9DB01 /* NSArray+NBAdditions.m */; };
		69CBB5DA1817004C00F9DB01 /* AFHTTPRequestOperation.m in Sources */ = {isa = PBXBuildFile; fileRef = 69CBB5C91817004C00F9DB01 /* AFHTTPRequestOperation.m */; };
		69CBB5DF1817004C00F9DB01 /* AFURLConnectionOperation.m in Sources */ = {isa = PBXBuildFile; fileRef = 69CBB5D41817004C00F9DB01 /* AFURLConnectionOperation.m */; };
		69CBB5E31817008800F9DB01 /* SystemConfiguration.framework in Frameworks */ = {isa = PBXBuildFile; fileRef = 69CBB5E21817008800F9DB01 /* SystemConfiguration.framework */; };
		69CBB5E51817009000F9DB01 /* MobileCoreServices.framework in Frameworks */ = {isa = PBXBuildFile; fileRef = 69CBB5E41817009000F9DB01 /* MobileCoreServices.framework */; };
		69CBB5E71817020300F9DB01 /* MapKit.framework in Frameworks */ = {isa = PBXBuildFile; fileRef = 69CBB5E61817020300F9DB01 /* MapKit.framework */; };
		69CBB5E91817021700F9DB01 /* CoreLocation.framework in Frameworks */ = {isa = PBXBuildFile; fileRef = 69CBB5E81817021700F9DB01 /* CoreLocation.framework */; };
		69CBB5EB1817022B00F9DB01 /* AssetsLibrary.framework in Frameworks */ = {isa = PBXBuildFile; fileRef = 69CBB5EA1817022B00F9DB01 /* AssetsLibrary.framework */; };
		69CBB5EF1817086F00F9DB01 /* SVProgressHUD.m in Sources */ = {isa = PBXBuildFile; fileRef = 69CBB5EE1817086F00F9DB01 /* SVProgressHUD.m */; };
/* End PBXBuildFile section */

/* Begin PBXContainerItemProxy section */
		69CBB4591816C1F100F9DB01 /* PBXContainerItemProxy */ = {
			isa = PBXContainerItemProxy;
			containerPortal = 69CBB42B1816C1F100F9DB01 /* Project object */;
			proxyType = 1;
			remoteGlobalIDString = 69CBB4321816C1F100F9DB01;
			remoteInfo = GeoReporter;
		};
/* End PBXContainerItemProxy section */

/* Begin PBXFileReference section */
		697D0B271823EEAE00D2E941 /* AFHTTPRequestOperationManager.h */ = {isa = PBXFileReference; fileEncoding = 4; lastKnownFileType = sourcecode.c.h; path = AFHTTPRequestOperationManager.h; sourceTree = "<group>"; };
		697D0B281823EEAE00D2E941 /* AFHTTPRequestOperationManager.m */ = {isa = PBXFileReference; fileEncoding = 4; lastKnownFileType = sourcecode.c.objc; path = AFHTTPRequestOperationManager.m; sourceTree = "<group>"; };
		697D0B291823EEAE00D2E941 /* AFHTTPSessionManager.h */ = {isa = PBXFileReference; fileEncoding = 4; lastKnownFileType = sourcecode.c.h; path = AFHTTPSessionManager.h; sourceTree = "<group>"; };
		697D0B2A1823EEAE00D2E941 /* AFHTTPSessionManager.m */ = {isa = PBXFileReference; fileEncoding = 4; lastKnownFileType = sourcecode.c.objc; path = AFHTTPSessionManager.m; sourceTree = "<group>"; };
		697D0B2B1823EEAE00D2E941 /* AFNetworkReachabilityManager.h */ = {isa = PBXFileReference; fileEncoding = 4; lastKnownFileType = sourcecode.c.h; path = AFNetworkReachabilityManager.h; sourceTree = "<group>"; };
		697D0B2C1823EEAE00D2E941 /* AFNetworkReachabilityManager.m */ = {isa = PBXFileReference; fileEncoding = 4; lastKnownFileType = sourcecode.c.objc; path = AFNetworkReachabilityManager.m; sourceTree = "<group>"; };
		697D0B2D1823EEAE00D2E941 /* AFSecurityPolicy.h */ = {isa = PBXFileReference; fileEncoding = 4; lastKnownFileType = sourcecode.c.h; path = AFSecurityPolicy.h; sourceTree = "<group>"; };
		697D0B2E1823EEAE00D2E941 /* AFSecurityPolicy.m */ = {isa = PBXFileReference; fileEncoding = 4; lastKnownFileType = sourcecode.c.objc; path = AFSecurityPolicy.m; sourceTree = "<group>"; };
		697D0B2F1823EEAE00D2E941 /* AFURLRequestSerialization.h */ = {isa = PBXFileReference; fileEncoding = 4; lastKnownFileType = sourcecode.c.h; path = AFURLRequestSerialization.h; sourceTree = "<group>"; };
		697D0B301823EEAE00D2E941 /* AFURLRequestSerialization.m */ = {isa = PBXFileReference; fileEncoding = 4; lastKnownFileType = sourcecode.c.objc; path = AFURLRequestSerialization.m; sourceTree = "<group>"; };
		697D0B311823EEAE00D2E941 /* AFURLResponseSerialization.h */ = {isa = PBXFileReference; fileEncoding = 4; lastKnownFileType = sourcecode.c.h; path = AFURLResponseSerialization.h; sourceTree = "<group>"; };
		697D0B321823EEAE00D2E941 /* AFURLResponseSerialization.m */ = {isa = PBXFileReference; fileEncoding = 4; lastKnownFileType = sourcecode.c.objc; path = AFURLResponseSerialization.m; sourceTree = "<group>"; };
		697D0B331823EEAE00D2E941 /* AFURLSessionManager.h */ = {isa = PBXFileReference; fileEncoding = 4; lastKnownFileType = sourcecode.c.h; path = AFURLSessionManager.h; sourceTree = "<group>"; };
		697D0B341823EEAE00D2E941 /* AFURLSessionManager.m */ = {isa = PBXFileReference; fileEncoding = 4; lastKnownFileType = sourcecode.c.objc; path = AFURLSessionManager.m; sourceTree = "<group>"; };
		697ED6F9181FF75B006FD738 /* location.png */ = {isa = PBXFileReference; lastKnownFileType = image.png; path = location.png; sourceTree = "<group>"; };
		697ED6FA181FF75B006FD738 /* location@2x.png */ = {isa = PBXFileReference; lastKnownFileType = image.png; path = "location@2x.png"; sourceTree = "<group>"; };
		69B27AC7181966D0005C5FBF /* de */ = {isa = PBXFileReference; lastKnownFileType = text.plist.strings; name = de; path = de.lproj/Localizable.strings; sourceTree = "<group>"; };
		69B27AC9181966E5005C5FBF /* en */ = {isa = PBXFileReference; lastKnownFileType = text.plist.strings; name = en; path = en.lproj/Localizable.strings; sourceTree = "<group>"; };
		69B27ACA181966ED005C5FBF /* fi */ = {isa = PBXFileReference; lastKnownFileType = text.plist.strings; name = fi; path = fi.lproj/Localizable.strings; sourceTree = "<group>"; };
		69B27ACB181966F5005C5FBF /* fr */ = {isa = PBXFileReference; lastKnownFileType = text.plist.strings; name = fr; path = fr.lproj/Localizable.strings; sourceTree = "<group>"; };
		69CBB4331816C1F100F9DB01 /* GeoReporter.app */ = {isa = PBXFileReference; explicitFileType = wrapper.application; includeInIndex = 0; path = GeoReporter.app; sourceTree = BUILT_PRODUCTS_DIR; };
		69CBB4361816C1F100F9DB01 /* Foundation.framework */ = {isa = PBXFileReference; lastKnownFileType = wrapper.framework; name = Foundation.framework; path = System/Library/Frameworks/Foundation.framework; sourceTree = SDKROOT; };
		69CBB4381816C1F100F9DB01 /* CoreGraphics.framework */ = {isa = PBXFileReference; lastKnownFileType = wrapper.framework; name = CoreGraphics.framework; path = System/Library/Frameworks/CoreGraphics.framework; sourceTree = SDKROOT; };
		69CBB43A1816C1F100F9DB01 /* UIKit.framework */ = {isa = PBXFileReference; lastKnownFileType = wrapper.framework; name = UIKit.framework; path = System/Library/Frameworks/UIKit.framework; sourceTree = SDKROOT; };
		69CBB43E1816C1F100F9DB01 /* GeoReporter-Info.plist */ = {isa = PBXFileReference; lastKnownFileType = text.plist.xml; path = "GeoReporter-Info.plist"; sourceTree = "<group>"; };
		69CBB4401816C1F100F9DB01 /* en */ = {isa = PBXFileReference; lastKnownFileType = text.plist.strings; name = en; path = en.lproj/InfoPlist.strings; sourceTree = "<group>"; };
		69CBB4421816C1F100F9DB01 /* main.m */ = {isa = PBXFileReference; lastKnownFileType = sourcecode.c.objc; path = main.m; sourceTree = "<group>"; };
		69CBB4441816C1F100F9DB01 /* GeoReporter-Prefix.pch */ = {isa = PBXFileReference; lastKnownFileType = sourcecode.c.h; path = "GeoReporter-Prefix.pch"; sourceTree = "<group>"; };
		69CBB4451816C1F100F9DB01 /* AppDelegate.h */ = {isa = PBXFileReference; lastKnownFileType = sourcecode.c.h; path = AppDelegate.h; sourceTree = "<group>"; };
		69CBB4461816C1F100F9DB01 /* AppDelegate.m */ = {isa = PBXFileReference; lastKnownFileType = sourcecode.c.objc; path = AppDelegate.m; sourceTree = "<group>"; };
		69CBB4491816C1F100F9DB01 /* Base */ = {isa = PBXFileReference; lastKnownFileType = file.storyboard; name = Base; path = Base.lproj/Main.storyboard; sourceTree = "<group>"; };
		69CBB44E1816C1F100F9DB01 /* Images.xcassets */ = {isa = PBXFileReference; lastKnownFileType = folder.assetcatalog; path = Images.xcassets; sourceTree = "<group>"; };
		69CBB4541816C1F100F9DB01 /* GeoReporterTests.xctest */ = {isa = PBXFileReference; explicitFileType = wrapper.cfbundle; includeInIndex = 0; path = GeoReporterTests.xctest; sourceTree = BUILT_PRODUCTS_DIR; };
		69CBB4551816C1F100F9DB01 /* XCTest.framework */ = {isa = PBXFileReference; lastKnownFileType = wrapper.framework; name = XCTest.framework; path = Library/Frameworks/XCTest.framework; sourceTree = DEVELOPER_DIR; };
		69CBB45D1816C1F100F9DB01 /* GeoReporterTests-Info.plist */ = {isa = PBXFileReference; lastKnownFileType = text.plist.xml; path = "GeoReporterTests-Info.plist"; sourceTree = "<group>"; };
		69CBB45F1816C1F100F9DB01 /* en */ = {isa = PBXFileReference; lastKnownFileType = text.plist.strings; name = en; path = en.lproj/InfoPlist.strings; sourceTree = "<group>"; };
		69CBB4611816C1F100F9DB01 /* GeoReporterTests.m */ = {isa = PBXFileReference; lastKnownFileType = sourcecode.c.objc; path = GeoReporterTests.m; sourceTree = "<group>"; };
		69CBB46C1816C21B00F9DB01 /* en */ = {isa = PBXFileReference; lastKnownFileType = text.plist.strings; name = en; path = en.lproj/Main.strings; sourceTree = "<group>"; };
		69CBB4C21816D30100F9DB01 /* Open311.h */ = {isa = PBXFileReference; fileEncoding = 4; lastKnownFileType = sourcecode.c.h; path = Open311.h; sourceTree = "<group>"; };
		69CBB4C31816D30100F9DB01 /* Open311.m */ = {isa = PBXFileReference; fileEncoding = 4; lastKnownFileType = sourcecode.c.objc; path = Open311.m; sourceTree = "<group>"; };
		69CBB4C41816D30100F9DB01 /* Preferences.h */ = {isa = PBXFileReference; fileEncoding = 4; lastKnownFileType = sourcecode.c.h; path = Preferences.h; sourceTree = "<group>"; };
		69CBB4C51816D30100F9DB01 /* Preferences.m */ = {isa = PBXFileReference; fileEncoding = 4; lastKnownFileType = sourcecode.c.objc; path = Preferences.m; sourceTree = "<group>"; };
		69CBB4C61816D30100F9DB01 /* Report.h */ = {isa = PBXFileReference; fileEncoding = 4; lastKnownFileType = sourcecode.c.h; path = Report.h; sourceTree = "<group>"; };
		69CBB4C71816D30100F9DB01 /* Report.m */ = {isa = PBXFileReference; fileEncoding = 4; lastKnownFileType = sourcecode.c.objc; path = Report.m; sourceTree = "<group>"; };
		69CBB4CC1816D31400F9DB01 /* Maps.h */ = {isa = PBXFileReference; fileEncoding = 4; lastKnownFileType = sourcecode.c.h; path = Maps.h; sourceTree = "<group>"; };
		69CBB4CD1816D31400F9DB01 /* Maps.m */ = {isa = PBXFileReference; fileEncoding = 4; lastKnownFileType = sourcecode.c.objc; path = Maps.m; sourceTree = "<group>"; };
		69CBB4CE1816D31400F9DB01 /* Media.h */ = {isa = PBXFileReference; fileEncoding = 4; lastKnownFileType = sourcecode.c.h; path = Media.h; sourceTree = "<group>"; };
		69CBB4CF1816D31400F9DB01 /* Media.m */ = {isa = PBXFileReference; fileEncoding = 4; lastKnownFileType = sourcecode.c.objc; path = Media.m; sourceTree = "<group>"; };
		69CBB4D01816D31400F9DB01 /* Strings.h */ = {isa = PBXFileReference; fileEncoding = 4; lastKnownFileType = sourcecode.c.h; path = Strings.h; sourceTree = "<group>"; };
		69CBB4D11816D31400F9DB01 /* Strings.m */ = {isa = PBXFileReference; fileEncoding = 4; lastKnownFileType = sourcecode.c.objc; path = Strings.m; sourceTree = "<group>"; };
		69CBB4D61816D32400F9DB01 /* AboutController.h */ = {isa = PBXFileReference; fileEncoding = 4; lastKnownFileType = sourcecode.c.h; path = AboutController.h; sourceTree = "<group>"; };
		69CBB4D71816D32400F9DB01 /* AboutController.m */ = {isa = PBXFileReference; fileEncoding = 4; lastKnownFileType = sourcecode.c.objc; path = AboutController.m; sourceTree = "<group>"; };
		69CBB4D81816D32400F9DB01 /* AddServerController.h */ = {isa = PBXFileReference; fileEncoding = 4; lastKnownFileType = sourcecode.c.h; path = AddServerController.h; sourceTree = "<group>"; };
		69CBB4D91816D32400F9DB01 /* AddServerController.m */ = {isa = PBXFileReference; fileEncoding = 4; lastKnownFileType = sourcecode.c.objc; path = AddServerController.m; sourceTree = "<group>"; };
		69CBB4DA1816D32400F9DB01 /* ArchiveController.h */ = {isa = PBXFileReference; fileEncoding = 4; lastKnownFileType = sourcecode.c.h; path = ArchiveController.h; sourceTree = "<group>"; };
		69CBB4DB1816D32400F9DB01 /* ArchiveController.m */ = {isa = PBXFileReference; fileEncoding = 4; lastKnownFileType = sourcecode.c.objc; path = ArchiveController.m; sourceTree = "<group>"; };
		69CBB4DC1816D32400F9DB01 /* ChooseGroupController.h */ = {isa = PBXFileReference; fileEncoding = 4; lastKnownFileType = sourcecode.c.h; path = ChooseGroupController.h; sourceTree = "<group>"; };
		69CBB4DD1816D32400F9DB01 /* ChooseGroupController.m */ = {isa = PBXFileReference; fileEncoding = 4; lastKnownFileType = sourcecode.c.objc; path = ChooseGroupController.m; sourceTree = "<group>"; };
		69CBB4DE1816D32400F9DB01 /* ChooseServiceController.h */ = {isa = PBXFileReference; fileEncoding = 4; lastKnownFileType = sourcecode.c.h; path = ChooseServiceController.h; sourceTree = "<group>"; };
		69CBB4DF1816D32400F9DB01 /* ChooseServiceController.m */ = {isa = PBXFileReference; fileEncoding = 4; lastKnownFileType = sourcecode.c.objc; path = ChooseServiceController.m; sourceTree = "<group>"; };
		69CBB4EA1816D32400F9DB01 /* FooterCell.h */ = {isa = PBXFileReference; fileEncoding = 4; lastKnownFileType = sourcecode.c.h; path = FooterCell.h; sourceTree = "<group>"; };
		69CBB4EB1816D32400F9DB01 /* FooterCell.m */ = {isa = PBXFileReference; fileEncoding = 4; lastKnownFileType = sourcecode.c.objc; path = FooterCell.m; sourceTree = "<group>"; };
		69CBB4EC1816D32400F9DB01 /* LocationCell.h */ = {isa = PBXFileReference; fileEncoding = 4; lastKnownFileType = sourcecode.c.h; path = LocationCell.h; sourceTree = "<group>"; };
		69CBB4ED1816D32400F9DB01 /* LocationCell.m */ = {isa = PBXFileReference; fileEncoding = 4; lastKnownFileType = sourcecode.c.objc; path = LocationCell.m; sourceTree = "<group>"; };
		69CBB4EE1816D32400F9DB01 /* MediaCell.h */ = {isa = PBXFileReference; fileEncoding = 4; lastKnownFileType = sourcecode.c.h; path = MediaCell.h; sourceTree = "<group>"; };
		69CBB4EF1816D32400F9DB01 /* MediaCell.m */ = {isa = PBXFileReference; fileEncoding = 4; lastKnownFileType = sourcecode.c.objc; path = MediaCell.m; sourceTree = "<group>"; };
		69CBB4F01816D32400F9DB01 /* MultiValueListCell.h */ = {isa = PBXFileReference; fileEncoding = 4; lastKnownFileType = sourcecode.c.h; path = MultiValueListCell.h; sourceTree = "<group>"; };
		69CBB4F11816D32400F9DB01 /* MultiValueListCell.m */ = {isa = PBXFileReference; fileEncoding = 4; lastKnownFileType = sourcecode.c.objc; path = MultiValueListCell.m; sourceTree = "<group>"; };
		69CBB4F21816D32400F9DB01 /* SingleValueListCell.h */ = {isa = PBXFileReference; fileEncoding = 4; lastKnownFileType = sourcecode.c.h; path = SingleValueListCell.h; sourceTree = "<group>"; };
		69CBB4F31816D32400F9DB01 /* SingleValueListCell.m */ = {isa = PBXFileReference; fileEncoding = 4; lastKnownFileType = sourcecode.c.objc; path = SingleValueListCell.m; sourceTree = "<group>"; };
		69CBB4F41816D32400F9DB01 /* StringCell.h */ = {isa = PBXFileReference; fileEncoding = 4; lastKnownFileType = sourcecode.c.h; path = StringCell.h; sourceTree = "<group>"; };
		69CBB4F51816D32400F9DB01 /* StringCell.m */ = {isa = PBXFileReference; fileEncoding = 4; lastKnownFileType = sourcecode.c.objc; path = StringCell.m; sourceTree = "<group>"; };
		69CBB4F61816D32400F9DB01 /* TextCell.h */ = {isa = PBXFileReference; fileEncoding = 4; lastKnownFileType = sourcecode.c.h; path = TextCell.h; sourceTree = "<group>"; };
		69CBB4F71816D32400F9DB01 /* TextCell.m */ = {isa = PBXFileReference; fileEncoding = 4; lastKnownFileType = sourcecode.c.objc; path = TextCell.m; sourceTree = "<group>"; };
		69CBB4FC1816D32400F9DB01 /* ViewReportLocationCell.h */ = {isa = PBXFileReference; fileEncoding = 4; lastKnownFileType = sourcecode.c.h; path = ViewReportLocationCell.h; sourceTree = "<group>"; };
		69CBB4FD1816D32400F9DB01 /* ViewReportLocationCell.m */ = {isa = PBXFileReference; fileEncoding = 4; lastKnownFileType = sourcecode.c.objc; path = ViewReportLocationCell.m; sourceTree = "<group>"; };
		69CBB4FF1816D32400F9DB01 /* GroupDelegate.h */ = {isa = PBXFileReference; fileEncoding = 4; lastKnownFileType = sourcecode.c.h; path = GroupDelegate.h; sourceTree = "<group>"; };
		69CBB5001816D32400F9DB01 /* MultiValueDelegate.h */ = {isa = PBXFileReference; fileEncoding = 4; lastKnownFileType = sourcecode.c.h; path = MultiValueDelegate.h; sourceTree = "<group>"; };
		69CBB5011816D32400F9DB01 /* ServiceDelegate.h */ = {isa = PBXFileReference; fileEncoding = 4; lastKnownFileType = sourcecode.c.h; path = ServiceDelegate.h; sourceTree = "<group>"; };
		69CBB5021816D32400F9DB01 /* TextEntryDelegate.h */ = {isa = PBXFileReference; fileEncoding = 4; lastKnownFileType = sourcecode.c.h; path = TextEntryDelegate.h; sourceTree = "<group>"; };
		69CBB5031816D32400F9DB01 /* FullImageController.h */ = {isa = PBXFileReference; fileEncoding = 4; lastKnownFileType = sourcecode.c.h; path = FullImageController.h; sourceTree = "<group>"; };
		69CBB5041816D32400F9DB01 /* FullImageController.m */ = {isa = PBXFileReference; fileEncoding = 4; lastKnownFileType = sourcecode.c.objc; path = FullImageController.m; sourceTree = "<group>"; };
		69CBB5051816D32400F9DB01 /* HomeController.h */ = {isa = PBXFileReference; fileEncoding = 4; lastKnownFileType = sourcecode.c.h; path = HomeController.h; sourceTree = "<group>"; };
		69CBB5061816D32400F9DB01 /* HomeController.m */ = {isa = PBXFileReference; fileEncoding = 4; lastKnownFileType = sourcecode.c.objc; path = HomeController.m; sourceTree = "<group>"; };
		69CBB5071816D32400F9DB01 /* LocationController.h */ = {isa = PBXFileReference; fileEncoding = 4; lastKnownFileType = sourcecode.c.h; path = LocationController.h; sourceTree = "<group>"; };
		69CBB5081816D32400F9DB01 /* LocationController.m */ = {isa = PBXFileReference; fileEncoding = 4; lastKnownFileType = sourcecode.c.objc; path = LocationController.m; sourceTree = "<group>"; };
		69CBB5091816D32400F9DB01 /* NewReportController.h */ = {isa = PBXFileReference; fileEncoding = 4; lastKnownFileType = sourcecode.c.h; path = NewReportController.h; sourceTree = "<group>"; };
		69CBB50A1816D32400F9DB01 /* NewReportController.m */ = {isa = PBXFileReference; fileEncoding = 4; lastKnownFileType = sourcecode.c.objc; path = NewReportController.m; sourceTree = "<group>"; };
		69CBB50B1816D32400F9DB01 /* PersonalInfoController.h */ = {isa = PBXFileReference; fileEncoding = 4; lastKnownFileType = sourcecode.c.h; path = PersonalInfoController.h; sourceTree = "<group>"; };
		69CBB50C1816D32400F9DB01 /* PersonalInfoController.m */ = {isa = PBXFileReference; fileEncoding = 4; lastKnownFileType = sourcecode.c.objc; path = PersonalInfoController.m; sourceTree = "<group>"; };
		69CBB50D1816D32400F9DB01 /* ServersController.h */ = {isa = PBXFileReference; fileEncoding = 4; lastKnownFileType = sourcecode.c.h; path = ServersController.h; sourceTree = "<group>"; };
		69CBB50E1816D32400F9DB01 /* ServersController.m */ = {isa = PBXFileReference; fileEncoding = 4; lastKnownFileType = sourcecode.c.objc; path = ServersController.m; sourceTree = "<group>"; };
		69CBB50F1816D32400F9DB01 /* ViewRequestController.h */ = {isa = PBXFileReference; fileEncoding = 4; lastKnownFileType = sourcecode.c.h; path = ViewRequestController.h; sourceTree = "<group>"; };
		69CBB5101816D32400F9DB01 /* ViewRequestController.m */ = {isa = PBXFileReference; fileEncoding = 4; lastKnownFileType = sourcecode.c.objc; path = ViewRequestController.m; sourceTree = "<group>"; };
		69CBB52C1816D33A00F9DB01 /* accountTableCell.png */ = {isa = PBXFileReference; lastKnownFileType = image.png; path = accountTableCell.png; sourceTree = "<group>"; };
		69CBB52D1816D33A00F9DB01 /* accountTableCell@2x.png */ = {isa = PBXFileReference; lastKnownFileType = image.png; path = "accountTableCell@2x.png"; sourceTree = "<group>"; };
		69CBB52E1816D33A00F9DB01 /* camera.png */ = {isa = PBXFileReference; lastKnownFileType = image.png; path = camera.png; sourceTree = "<group>"; };
		69CBB52F1816D33A00F9DB01 /* chat.png */ = {isa = PBXFileReference; lastKnownFileType = image.png; path = chat.png; sourceTree = "<group>"; };
		69CBB5301816D33A00F9DB01 /* chat@2x.png */ = {isa = PBXFileReference; lastKnownFileType = image.png; path = "chat@2x.png"; sourceTree = "<group>"; };
		69CBB5311816D33A00F9DB01 /* chatTableCell.png */ = {isa = PBXFileReference; lastKnownFileType = image.png; path = chatTableCell.png; sourceTree = "<group>"; };
		69CBB5321816D33A00F9DB01 /* chatTableCell@2x.png */ = {isa = PBXFileReference; lastKnownFileType = image.png; path = "chatTableCell@2x.png"; sourceTree = "<group>"; };
		69CBB5331816D33A00F9DB01 /* checkbox_selected.png */ = {isa = PBXFileReference; lastKnownFileType = image.png; path = checkbox_selected.png; sourceTree = "<group>"; };
		69CBB5341816D33A00F9DB01 /* checkbox_selected@2x.png */ = {isa = PBXFileReference; lastKnownFileType = image.png; path = "checkbox_selected@2x.png"; sourceTree = "<group>"; };
		69CBB5351816D33A00F9DB01 /* checkbox_unselected.png */ = {isa = PBXFileReference; lastKnownFileType = image.png; path = checkbox_unselected.png; sourceTree = "<group>"; };
		69CBB5361816D33A00F9DB01 /* checkbox_unselected@2x.png */ = {isa = PBXFileReference; lastKnownFileType = image.png; path = "checkbox_unselected@2x.png"; sourceTree = "<group>"; };
		69CBB5381816D33A00F9DB01 /* bloomington.png */ = {isa = PBXFileReference; lastKnownFileType = image.png; path = bloomington.png; sourceTree = "<group>"; };
		69CBB5391816D33A00F9DB01 /* bloomington@2x.png */ = {isa = PBXFileReference; lastKnownFileType = image.png; path = "bloomington@2x.png"; sourceTree = "<group>"; };
		69CBB53A1816D33A00F9DB01 /* bonn.png */ = {isa = PBXFileReference; lastKnownFileType = image.png; path = bonn.png; sourceTree = "<group>"; };
		69CBB53B1816D33A00F9DB01 /* bonn@2x.png */ = {isa = PBXFileReference; lastKnownFileType = image.png; path = "bonn@2x.png"; sourceTree = "<group>"; };
		69CBB53C1816D33A00F9DB01 /* boston.png */ = {isa = PBXFileReference; lastKnownFileType = image.png; path = boston.png; sourceTree = "<group>"; };
		69CBB53D1816D33A00F9DB01 /* boston@2x.png */ = {isa = PBXFileReference; lastKnownFileType = image.png; path = "boston@2x.png"; sourceTree = "<group>"; };
		69CBB53E1816D33A00F9DB01 /* chicago.png */ = {isa = PBXFileReference; lastKnownFileType = image.png; path = chicago.png; sourceTree = "<group>"; };
		69CBB53F1816D33A00F9DB01 /* chicago@2x.png */ = {isa = PBXFileReference; lastKnownFileType = image.png; path = "chicago@2x.png"; sourceTree = "<group>"; };
		69CBB5401816D33A00F9DB01 /* columbus.png */ = {isa = PBXFileReference; lastKnownFileType = image.png; path = columbus.png; sourceTree = "<group>"; };
		69CBB5411816D33A00F9DB01 /* columbus@2x.png */ = {isa = PBXFileReference; lastKnownFileType = image.png; path = "columbus@2x.png"; sourceTree = "<group>"; };
		69CBB5421816D33A00F9DB01 /* open311.png */ = {isa = PBXFileReference; lastKnownFileType = image.png; path = open311.png; sourceTree = "<group>"; };
		69CBB5431816D33A00F9DB01 /* open311@2x.png */ = {isa = PBXFileReference; lastKnownFileType = image.png; path = "open311@2x.png"; sourceTree = "<group>"; };
		69CBB5441816D33A00F9DB01 /* close.png */ = {isa = PBXFileReference; lastKnownFileType = image.png; path = close.png; sourceTree = "<group>"; };
		69CBB5451816D33A00F9DB01 /* close@2x.png */ = {isa = PBXFileReference; lastKnownFileType = image.png; path = "close@2x.png"; sourceTree = "<group>"; };
		69CBB5461816D33A00F9DB01 /* cross-hairs-small-black-cropped.png */ = {isa = PBXFileReference; lastKnownFileType = image.png; path = "cross-hairs-small-black-cropped.png"; sourceTree = "<group>"; };
		69CBB5471816D33A00F9DB01 /* home.png */ = {isa = PBXFileReference; lastKnownFileType = image.png; path = home.png; sourceTree = "<group>"; };
		69CBB5481816D33A00F9DB01 /* home@2x.png */ = {isa = PBXFileReference; lastKnownFileType = image.png; path = "home@2x.png"; sourceTree = "<group>"; };
		69CBB54A1816D33A00F9DB01 /* list.png */ = {isa = PBXFileReference; lastKnownFileType = image.png; path = list.png; sourceTree = "<group>"; };
		69CBB54B1816D33A00F9DB01 /* list@2x.png */ = {isa = PBXFileReference; lastKnownFileType = image.png; path = "list@2x.png"; sourceTree = "<group>"; };
		69CBB54C1816D33A00F9DB01 /* listTableCell.png */ = {isa = PBXFileReference; lastKnownFileType = image.png; path = listTableCell.png; sourceTree = "<group>"; };
		69CBB54D1816D33A00F9DB01 /* listTableCell@2x.png */ = {isa = PBXFileReference; lastKnownFileType = image.png; path = "listTableCell@2x.png"; sourceTree = "<group>"; };
		69CBB54E1816D33A00F9DB01 /* megaphone.png */ = {isa = PBXFileReference; lastKnownFileType = image.png; path = megaphone.png; sourceTree = "<group>"; };
		69CBB54F1816D33A00F9DB01 /* megaphone@2x.png */ = {isa = PBXFileReference; lastKnownFileType = image.png; path = "megaphone@2x.png"; sourceTree = "<group>"; };
		69CBB5501816D33A00F9DB01 /* radio_selected.png */ = {isa = PBXFileReference; lastKnownFileType = image.png; path = radio_selected.png; sourceTree = "<group>"; };
		69CBB5511816D33A00F9DB01 /* radio_selected@2x.png */ = {isa = PBXFileReference; lastKnownFileType = image.png; path = "radio_selected@2x.png"; sourceTree = "<group>"; };
		69CBB5521816D33A00F9DB01 /* radio_unselected.png */ = {isa = PBXFileReference; lastKnownFileType = image.png; path = radio_unselected.png; sourceTree = "<group>"; };
		69CBB5531816D33A00F9DB01 /* radio_unselected@2x.png */ = {isa = PBXFileReference; lastKnownFileType = image.png; path = "radio_unselected@2x.png"; sourceTree = "<group>"; };
		69CBB5541816D33A00F9DB01 /* serverTableCell.png */ = {isa = PBXFileReference; lastKnownFileType = image.png; path = serverTableCell.png; sourceTree = "<group>"; };
		69CBB5551816D33A00F9DB01 /* serverTableCell@2x.png */ = {isa = PBXFileReference; lastKnownFileType = image.png; path = "serverTableCell@2x.png"; sourceTree = "<group>"; };
		69CBB57F1816EA4A00F9DB01 /* fi */ = {isa = PBXFileReference; lastKnownFileType = text.plist.strings; name = fi; path = fi.lproj/Main.strings; sourceTree = "<group>"; };
		69CBB5801816EA5600F9DB01 /* de */ = {isa = PBXFileReference; lastKnownFileType = text.plist.strings; name = de; path = de.lproj/Main.strings; sourceTree = "<group>"; };
		69CBB5811816EA6800F9DB01 /* fr */ = {isa = PBXFileReference; lastKnownFileType = text.plist.strings; name = fr; path = fr.lproj/Main.strings; sourceTree = "<group>"; };
		69CBB5841816F12700F9DB01 /* MBProgressHUD.h */ = {isa = PBXFileReference; fileEncoding = 4; lastKnownFileType = sourcecode.c.h; path = MBProgressHUD.h; sourceTree = "<group>"; };
		69CBB5851816F12700F9DB01 /* MBProgressHUD.m */ = {isa = PBXFileReference; fileEncoding = 4; lastKnownFileType = sourcecode.c.objc; path = MBProgressHUD.m; sourceTree = "<group>"; };
		69CBB5871816F63D00F9DB01 /* CoreTelephony.framework */ = {isa = PBXFileReference; lastKnownFileType = wrapper.framework; name = CoreTelephony.framework; path = System/Library/Frameworks/CoreTelephony.framework; sourceTree = SDKROOT; };
		69CBB58A1816F84E00F9DB01 /* NBAsYouTypeFormatter.h */ = {isa = PBXFileReference; fileEncoding = 4; lastKnownFileType = sourcecode.c.h; path = NBAsYouTypeFormatter.h; sourceTree = "<group>"; };
		69CBB58B1816F84E00F9DB01 /* NBAsYouTypeFormatter.m */ = {isa = PBXFileReference; fileEncoding = 4; lastKnownFileType = sourcecode.c.objc; path = NBAsYouTypeFormatter.m; sourceTree = "<group>"; };
		69CBB58C1816F84E00F9DB01 /* NBNumberFormat.h */ = {isa = PBXFileReference; fileEncoding = 4; lastKnownFileType = sourcecode.c.h; path = NBNumberFormat.h; sourceTree = "<group>"; };
		69CBB58D1816F84E00F9DB01 /* NBNumberFormat.m */ = {isa = PBXFileReference; fileEncoding = 4; lastKnownFileType = sourcecode.c.objc; path = NBNumberFormat.m; sourceTree = "<group>"; };
		69CBB58E1816F84E00F9DB01 /* NBPhoneMetaData.h */ = {isa = PBXFileReference; fileEncoding = 4; lastKnownFileType = sourcecode.c.h; path = NBPhoneMetaData.h; sourceTree = "<group>"; };
		69CBB58F1816F84E00F9DB01 /* NBPhoneMetaData.m */ = {isa = PBXFileReference; fileEncoding = 4; lastKnownFileType = sourcecode.c.objc; path = NBPhoneMetaData.m; sourceTree = "<group>"; };
		69CBB5901816F84E00F9DB01 /* NBPhoneNumber.h */ = {isa = PBXFileReference; fileEncoding = 4; lastKnownFileType = sourcecode.c.h; path = NBPhoneNumber.h; sourceTree = "<group>"; };
		69CBB5911816F84E00F9DB01 /* NBPhoneNumber.m */ = {isa = PBXFileReference; fileEncoding = 4; lastKnownFileType = sourcecode.c.objc; path = NBPhoneNumber.m; sourceTree = "<group>"; };
		69CBB5921816F84E00F9DB01 /* NBPhoneNumberDefines.h */ = {isa = PBXFileReference; fileEncoding = 4; lastKnownFileType = sourcecode.c.h; path = NBPhoneNumberDefines.h; sourceTree = "<group>"; };
		69CBB5931816F84E00F9DB01 /* NBPhoneNumberDesc.h */ = {isa = PBXFileReference; fileEncoding = 4; lastKnownFileType = sourcecode.c.h; path = NBPhoneNumberDesc.h; sourceTree = "<group>"; };
		69CBB5941816F84E00F9DB01 /* NBPhoneNumberDesc.m */ = {isa = PBXFileReference; fileEncoding = 4; lastKnownFileType = sourcecode.c.objc; path = NBPhoneNumberDesc.m; sourceTree = "<group>"; };
		69CBB5951816F84E00F9DB01 /* NBPhoneNumberMetadata.plist */ = {isa = PBXFileReference; lastKnownFileType = file.bplist; path = NBPhoneNumberMetadata.plist; sourceTree = "<group>"; };
		69CBB5961816F84E00F9DB01 /* NBPhoneNumberMetadataForTesting.plist */ = {isa = PBXFileReference; lastKnownFileType = file.bplist; path = NBPhoneNumberMetadataForTesting.plist; sourceTree = "<group>"; };
		69CBB5971816F84E00F9DB01 /* NBPhoneNumberUtil.h */ = {isa = PBXFileReference; fileEncoding = 4; lastKnownFileType = sourcecode.c.h; path = NBPhoneNumberUtil.h; sourceTree = "<group>"; };
		69CBB5981816F84E00F9DB01 /* NBPhoneNumberUtil.m */ = {isa = PBXFileReference; fileEncoding = 4; lastKnownFileType = sourcecode.c.objc; path = NBPhoneNumberUtil.m; sourceTree = "<group>"; };
		69CBB5A11816F8F600F9DB01 /* about.html */ = {isa = PBXFileReference; fileEncoding = 4; lastKnownFileType = text.html; path = about.html; sourceTree = "<group>"; };
		69CBB5A21816F8F600F9DB01 /* AvailableServers.plist */ = {isa = PBXFileReference; fileEncoding = 4; lastKnownFileType = text.plist.xml; path = AvailableServers.plist; sourceTree = "<group>"; };
		69CBB5A51816FF2B00F9DB01 /* NSArray+NBAdditions.h */ = {isa = PBXFileReference; fileEncoding = 4; lastKnownFileType = sourcecode.c.h; path = "NSArray+NBAdditions.h"; sourceTree = "<group>"; };
		69CBB5A61816FF2B00F9DB01 /* NSArray+NBAdditions.m */ = {isa = PBXFileReference; fileEncoding = 4; lastKnownFileType = sourcecode.c.objc; path = "NSArray+NBAdditions.m"; sourceTree = "<group>"; };
		69CBB5C81817004C00F9DB01 /* AFHTTPRequestOperation.h */ = {isa = PBXFileReference; fileEncoding = 4; lastKnownFileType = sourcecode.c.h; path = AFHTTPRequestOperation.h; sourceTree = "<group>"; };
		69CBB5C91817004C00F9DB01 /* AFHTTPRequestOperation.m */ = {isa = PBXFileReference; fileEncoding = 4; lastKnownFileType = sourcecode.c.objc; path = AFHTTPRequestOperation.m; sourceTree = "<group>"; };
		69CBB5D01817004C00F9DB01 /* AFNetworking.h */ = {isa = PBXFileReference; fileEncoding = 4; lastKnownFileType = sourcecode.c.h; path = AFNetworking.h; sourceTree = "<group>"; };
		69CBB5D31817004C00F9DB01 /* AFURLConnectionOperation.h */ = {isa = PBXFileReference; fileEncoding = 4; lastKnownFileType = sourcecode.c.h; path = AFURLConnectionOperation.h; sourceTree = "<group>"; };
		69CBB5D41817004C00F9DB01 /* AFURLConnectionOperation.m */ = {isa = PBXFileReference; fileEncoding = 4; lastKnownFileType = sourcecode.c.objc; path = AFURLConnectionOperation.m; sourceTree = "<group>"; };
		69CBB5E21817008800F9DB01 /* SystemConfiguration.framework */ = {isa = PBXFileReference; lastKnownFileType = wrapper.framework; name = SystemConfiguration.framework; path = System/Library/Frameworks/SystemConfiguration.framework; sourceTree = SDKROOT; };
		69CBB5E41817009000F9DB01 /* MobileCoreServices.framework */ = {isa = PBXFileReference; lastKnownFileType = wrapper.framework; name = MobileCoreServices.framework; path = System/Library/Frameworks/MobileCoreServices.framework; sourceTree = SDKROOT; };
		69CBB5E61817020300F9DB01 /* MapKit.framework */ = {isa = PBXFileReference; lastKnownFileType = wrapper.framework; name = MapKit.framework; path = System/Library/Frameworks/MapKit.framework; sourceTree = SDKROOT; };
		69CBB5E81817021700F9DB01 /* CoreLocation.framework */ = {isa = PBXFileReference; lastKnownFileType = wrapper.framework; name = CoreLocation.framework; path = System/Library/Frameworks/CoreLocation.framework; sourceTree = SDKROOT; };
		69CBB5EA1817022B00F9DB01 /* AssetsLibrary.framework */ = {isa = PBXFileReference; lastKnownFileType = wrapper.framework; name = AssetsLibrary.framework; path = System/Library/Frameworks/AssetsLibrary.framework; sourceTree = SDKROOT; };
		69CBB5ED1817086F00F9DB01 /* SVProgressHUD.h */ = {isa = PBXFileReference; fileEncoding = 4; lastKnownFileType = sourcecode.c.h; path = SVProgressHUD.h; sourceTree = "<group>"; };
		69CBB5EE1817086F00F9DB01 /* SVProgressHUD.m */ = {isa = PBXFileReference; fileEncoding = 4; lastKnownFileType = sourcecode.c.objc; path = SVProgressHUD.m; sourceTree = "<group>"; };
/* End PBXFileReference section */

/* Begin PBXFrameworksBuildPhase section */
		69CBB4301816C1F100F9DB01 /* Frameworks */ = {
			isa = PBXFrameworksBuildPhase;
			buildActionMask = 2147483647;
			files = (
				69CBB5EB1817022B00F9DB01 /* AssetsLibrary.framework in Frameworks */,
				69CBB5E91817021700F9DB01 /* CoreLocation.framework in Frameworks */,
				69CBB5E71817020300F9DB01 /* MapKit.framework in Frameworks */,
				69CBB5E51817009000F9DB01 /* MobileCoreServices.framework in Frameworks */,
				69CBB5E31817008800F9DB01 /* SystemConfiguration.framework in Frameworks */,
				69CBB5881816F63D00F9DB01 /* CoreTelephony.framework in Frameworks */,
				69CBB4391816C1F100F9DB01 /* CoreGraphics.framework in Frameworks */,
				69CBB43B1816C1F100F9DB01 /* UIKit.framework in Frameworks */,
				69CBB4371816C1F100F9DB01 /* Foundation.framework in Frameworks */,
			);
			runOnlyForDeploymentPostprocessing = 0;
		};
		69CBB4511816C1F100F9DB01 /* Frameworks */ = {
			isa = PBXFrameworksBuildPhase;
			buildActionMask = 2147483647;
			files = (
				69CBB4561816C1F100F9DB01 /* XCTest.framework in Frameworks */,
				69CBB4581816C1F100F9DB01 /* UIKit.framework in Frameworks */,
				69CBB4571816C1F100F9DB01 /* Foundation.framework in Frameworks */,
			);
			runOnlyForDeploymentPostprocessing = 0;
		};
/* End PBXFrameworksBuildPhase section */

/* Begin PBXGroup section */
		69CBB42A1816C1F100F9DB01 = {
			isa = PBXGroup;
			children = (
				69CBB43C1816C1F100F9DB01 /* GeoReporter */,
				69CBB45B1816C1F100F9DB01 /* GeoReporterTests */,
				69CBB4351816C1F100F9DB01 /* Frameworks */,
				69CBB4341816C1F100F9DB01 /* Products */,
			);
			sourceTree = "<group>";
		};
		69CBB4341816C1F100F9DB01 /* Products */ = {
			isa = PBXGroup;
			children = (
				69CBB4331816C1F100F9DB01 /* GeoReporter.app */,
				69CBB4541816C1F100F9DB01 /* GeoReporterTests.xctest */,
			);
			name = Products;
			sourceTree = "<group>";
		};
		69CBB4351816C1F100F9DB01 /* Frameworks */ = {
			isa = PBXGroup;
			children = (
				69CBB5EA1817022B00F9DB01 /* AssetsLibrary.framework */,
				69CBB5E81817021700F9DB01 /* CoreLocation.framework */,
				69CBB5E61817020300F9DB01 /* MapKit.framework */,
				69CBB5E41817009000F9DB01 /* MobileCoreServices.framework */,
				69CBB5E21817008800F9DB01 /* SystemConfiguration.framework */,
				69CBB5871816F63D00F9DB01 /* CoreTelephony.framework */,
				69CBB4361816C1F100F9DB01 /* Foundation.framework */,
				69CBB4381816C1F100F9DB01 /* CoreGraphics.framework */,
				69CBB43A1816C1F100F9DB01 /* UIKit.framework */,
				69CBB4551816C1F100F9DB01 /* XCTest.framework */,
			);
			name = Frameworks;
			sourceTree = "<group>";
		};
		69CBB43C1816C1F100F9DB01 /* GeoReporter */ = {
			isa = PBXGroup;
			children = (
				69CBB4451816C1F100F9DB01 /* AppDelegate.h */,
				69CBB4461816C1F100F9DB01 /* AppDelegate.m */,
				69CBB4D51816D32400F9DB01 /* Controllers */,
				69CBB52B1816D33A00F9DB01 /* Images */,
				69CBB44E1816C1F100F9DB01 /* Images.xcassets */,
				69CBB5821816F12700F9DB01 /* Libraries */,
				69CBB4481816C1F100F9DB01 /* Main.storyboard */,
				69CBB4C11816D30100F9DB01 /* Models */,
				69CBB43D1816C1F100F9DB01 /* Supporting Files */,
				69CBB4CB1816D31400F9DB01 /* Utilities */,
			);
			path = GeoReporter;
			sourceTree = "<group>";
		};
		69CBB43D1816C1F100F9DB01 /* Supporting Files */ = {
			isa = PBXGroup;
			children = (
				69B27AC6181966D0005C5FBF /* Localizable.strings */,
				69CBB5A11816F8F600F9DB01 /* about.html */,
				69CBB5A21816F8F600F9DB01 /* AvailableServers.plist */,
				69CBB43E1816C1F100F9DB01 /* GeoReporter-Info.plist */,
				69CBB43F1816C1F100F9DB01 /* InfoPlist.strings */,
				69CBB4421816C1F100F9DB01 /* main.m */,
				69CBB4441816C1F100F9DB01 /* GeoReporter-Prefix.pch */,
			);
			path = "Supporting Files";
			sourceTree = "<group>";
		};
		69CBB45B1816C1F100F9DB01 /* GeoReporterTests */ = {
			isa = PBXGroup;
			children = (
				69CBB4611816C1F100F9DB01 /* GeoReporterTests.m */,
				69CBB45C1816C1F100F9DB01 /* Supporting Files */,
			);
			path = GeoReporterTests;
			sourceTree = "<group>";
		};
		69CBB45C1816C1F100F9DB01 /* Supporting Files */ = {
			isa = PBXGroup;
			children = (
				69CBB45D1816C1F100F9DB01 /* GeoReporterTests-Info.plist */,
				69CBB45E1816C1F100F9DB01 /* InfoPlist.strings */,
			);
			name = "Supporting Files";
			sourceTree = "<group>";
		};
		69CBB4C11816D30100F9DB01 /* Models */ = {
			isa = PBXGroup;
			children = (
				69CBB4C21816D30100F9DB01 /* Open311.h */,
				69CBB4C31816D30100F9DB01 /* Open311.m */,
				69CBB4C41816D30100F9DB01 /* Preferences.h */,
				69CBB4C51816D30100F9DB01 /* Preferences.m */,
				69CBB4C61816D30100F9DB01 /* Report.h */,
				69CBB4C71816D30100F9DB01 /* Report.m */,
			);
			path = Models;
			sourceTree = "<group>";
		};
		69CBB4CB1816D31400F9DB01 /* Utilities */ = {
			isa = PBXGroup;
			children = (
				69CBB4CC1816D31400F9DB01 /* Maps.h */,
				69CBB4CD1816D31400F9DB01 /* Maps.m */,
				69CBB4CE1816D31400F9DB01 /* Media.h */,
				69CBB4CF1816D31400F9DB01 /* Media.m */,
				69CBB4D01816D31400F9DB01 /* Strings.h */,
				69CBB4D11816D31400F9DB01 /* Strings.m */,
			);
			path = Utilities;
			sourceTree = "<group>";
		};
		69CBB4D51816D32400F9DB01 /* Controllers */ = {
			isa = PBXGroup;
			children = (
				69CBB4D61816D32400F9DB01 /* AboutController.h */,
				69CBB4D71816D32400F9DB01 /* AboutController.m */,
				69CBB4D81816D32400F9DB01 /* AddServerController.h */,
				69CBB4D91816D32400F9DB01 /* AddServerController.m */,
				69CBB4DA1816D32400F9DB01 /* ArchiveController.h */,
				69CBB4DB1816D32400F9DB01 /* ArchiveController.m */,
				69CBB4DC1816D32400F9DB01 /* ChooseGroupController.h */,
				69CBB4DD1816D32400F9DB01 /* ChooseGroupController.m */,
				69CBB4DE1816D32400F9DB01 /* ChooseServiceController.h */,
				69CBB4DF1816D32400F9DB01 /* ChooseServiceController.m */,
				69CBB4E21816D32400F9DB01 /* CustomCells */,
				69CBB4FE1816D32400F9DB01 /* Delegates */,
				69CBB5031816D32400F9DB01 /* FullImageController.h */,
				69CBB5041816D32400F9DB01 /* FullImageController.m */,
				69CBB5051816D32400F9DB01 /* HomeController.h */,
				69CBB5061816D32400F9DB01 /* HomeController.m */,
				69CBB5071816D32400F9DB01 /* LocationController.h */,
				69CBB5081816D32400F9DB01 /* LocationController.m */,
				69CBB5091816D32400F9DB01 /* NewReportController.h */,
				69CBB50A1816D32400F9DB01 /* NewReportController.m */,
				69CBB50B1816D32400F9DB01 /* PersonalInfoController.h */,
				69CBB50C1816D32400F9DB01 /* PersonalInfoController.m */,
				69CBB50D1816D32400F9DB01 /* ServersController.h */,
				69CBB50E1816D32400F9DB01 /* ServersController.m */,
				69CBB50F1816D32400F9DB01 /* ViewRequestController.h */,
				69CBB5101816D32400F9DB01 /* ViewRequestController.m */,
			);
			path = Controllers;
			sourceTree = "<group>";
		};
		69CBB4E21816D32400F9DB01 /* CustomCells */ = {
			isa = PBXGroup;
			children = (
				69CBB4E91816D32400F9DB01 /* Report Cells */,
				69CBB4FC1816D32400F9DB01 /* ViewReportLocationCell.h */,
				69CBB4FD1816D32400F9DB01 /* ViewReportLocationCell.m */,
			);
			path = CustomCells;
			sourceTree = "<group>";
		};
		69CBB4E91816D32400F9DB01 /* Report Cells */ = {
			isa = PBXGroup;
			children = (
				69CBB4EA1816D32400F9DB01 /* FooterCell.h */,
				69CBB4EB1816D32400F9DB01 /* FooterCell.m */,
				69CBB4EC1816D32400F9DB01 /* LocationCell.h */,
				69CBB4ED1816D32400F9DB01 /* LocationCell.m */,
				69CBB4EE1816D32400F9DB01 /* MediaCell.h */,
				69CBB4EF1816D32400F9DB01 /* MediaCell.m */,
				69CBB4F01816D32400F9DB01 /* MultiValueListCell.h */,
				69CBB4F11816D32400F9DB01 /* MultiValueListCell.m */,
				69CBB4F21816D32400F9DB01 /* SingleValueListCell.h */,
				69CBB4F31816D32400F9DB01 /* SingleValueListCell.m */,
				69CBB4F41816D32400F9DB01 /* StringCell.h */,
				69CBB4F51816D32400F9DB01 /* StringCell.m */,
				69CBB4F61816D32400F9DB01 /* TextCell.h */,
				69CBB4F71816D32400F9DB01 /* TextCell.m */,
			);
			path = "Report Cells";
			sourceTree = "<group>";
		};
		69CBB4FE1816D32400F9DB01 /* Delegates */ = {
			isa = PBXGroup;
			children = (
				69CBB4FF1816D32400F9DB01 /* GroupDelegate.h */,
				69CBB5001816D32400F9DB01 /* MultiValueDelegate.h */,
				69CBB5011816D32400F9DB01 /* ServiceDelegate.h */,
				69CBB5021816D32400F9DB01 /* TextEntryDelegate.h */,
			);
			path = Delegates;
			sourceTree = "<group>";
		};
		69CBB52B1816D33A00F9DB01 /* Images */ = {
			isa = PBXGroup;
			children = (
				697ED6F9181FF75B006FD738 /* location.png */,
				697ED6FA181FF75B006FD738 /* location@2x.png */,
				69CBB52C1816D33A00F9DB01 /* accountTableCell.png */,
				69CBB52D1816D33A00F9DB01 /* accountTableCell@2x.png */,
				69CBB52E1816D33A00F9DB01 /* camera.png */,
				69CBB52F1816D33A00F9DB01 /* chat.png */,
				69CBB5301816D33A00F9DB01 /* chat@2x.png */,
				69CBB5311816D33A00F9DB01 /* chatTableCell.png */,
				69CBB5321816D33A00F9DB01 /* chatTableCell@2x.png */,
				69CBB5331816D33A00F9DB01 /* checkbox_selected.png */,
				69CBB5341816D33A00F9DB01 /* checkbox_selected@2x.png */,
				69CBB5351816D33A00F9DB01 /* checkbox_unselected.png */,
				69CBB5361816D33A00F9DB01 /* checkbox_unselected@2x.png */,
				69CBB5371816D33A00F9DB01 /* Cities */,
				69CBB5441816D33A00F9DB01 /* close.png */,
				69CBB5451816D33A00F9DB01 /* close@2x.png */,
				69CBB5461816D33A00F9DB01 /* cross-hairs-small-black-cropped.png */,
				69CBB5471816D33A00F9DB01 /* home.png */,
				69CBB5481816D33A00F9DB01 /* home@2x.png */,
				69CBB54A1816D33A00F9DB01 /* list.png */,
				69CBB54B1816D33A00F9DB01 /* list@2x.png */,
				69CBB54C1816D33A00F9DB01 /* listTableCell.png */,
				69CBB54D1816D33A00F9DB01 /* listTableCell@2x.png */,
				69CBB54E1816D33A00F9DB01 /* megaphone.png */,
				69CBB54F1816D33A00F9DB01 /* megaphone@2x.png */,
				69CBB5501816D33A00F9DB01 /* radio_selected.png */,
				69CBB5511816D33A00F9DB01 /* radio_selected@2x.png */,
				69CBB5521816D33A00F9DB01 /* radio_unselected.png */,
				69CBB5531816D33A00F9DB01 /* radio_unselected@2x.png */,
				69CBB5541816D33A00F9DB01 /* serverTableCell.png */,
				69CBB5551816D33A00F9DB01 /* serverTableCell@2x.png */,
			);
			path = Images;
			sourceTree = "<group>";
		};
		69CBB5371816D33A00F9DB01 /* Cities */ = {
			isa = PBXGroup;
			children = (
				69CBB5381816D33A00F9DB01 /* bloomington.png */,
				69CBB5391816D33A00F9DB01 /* bloomington@2x.png */,
				69CBB53A1816D33A00F9DB01 /* bonn.png */,
				69CBB53B1816D33A00F9DB01 /* bonn@2x.png */,
				69CBB53C1816D33A00F9DB01 /* boston.png */,
				69CBB53D1816D33A00F9DB01 /* boston@2x.png */,
				69CBB53E1816D33A00F9DB01 /* chicago.png */,
				69CBB53F1816D33A00F9DB01 /* chicago@2x.png */,
				69CBB5401816D33A00F9DB01 /* columbus.png */,
				69CBB5411816D33A00F9DB01 /* columbus@2x.png */,
				69CBB5421816D33A00F9DB01 /* open311.png */,
				69CBB5431816D33A00F9DB01 /* open311@2x.png */,
			);
			path = Cities;
			sourceTree = "<group>";
		};
		69CBB5821816F12700F9DB01 /* Libraries */ = {
			isa = PBXGroup;
			children = (
				69CBB5EC1817086F00F9DB01 /* SVProgressHUD */,
				69CBB5C51817004C00F9DB01 /* AFNetworking */,
				69CBB5891816F84E00F9DB01 /* libPhoneNumber */,
				69CBB5831816F12700F9DB01 /* MBProgressHUD */,
			);
			path = Libraries;
			sourceTree = "<group>";
		};
		69CBB5831816F12700F9DB01 /* MBProgressHUD */ = {
			isa = PBXGroup;
			children = (
				69CBB5841816F12700F9DB01 /* MBProgressHUD.h */,
				69CBB5851816F12700F9DB01 /* MBProgressHUD.m */,
			);
			path = MBProgressHUD;
			sourceTree = "<group>";
		};
		69CBB5891816F84E00F9DB01 /* libPhoneNumber */ = {
			isa = PBXGroup;
			children = (
				69CBB5A51816FF2B00F9DB01 /* NSArray+NBAdditions.h */,
				69CBB5A61816FF2B00F9DB01 /* NSArray+NBAdditions.m */,
				69CBB58A1816F84E00F9DB01 /* NBAsYouTypeFormatter.h */,
				69CBB58B1816F84E00F9DB01 /* NBAsYouTypeFormatter.m */,
				69CBB58C1816F84E00F9DB01 /* NBNumberFormat.h */,
				69CBB58D1816F84E00F9DB01 /* NBNumberFormat.m */,
				69CBB58E1816F84E00F9DB01 /* NBPhoneMetaData.h */,
				69CBB58F1816F84E00F9DB01 /* NBPhoneMetaData.m */,
				69CBB5901816F84E00F9DB01 /* NBPhoneNumber.h */,
				69CBB5911816F84E00F9DB01 /* NBPhoneNumber.m */,
				69CBB5921816F84E00F9DB01 /* NBPhoneNumberDefines.h */,
				69CBB5931816F84E00F9DB01 /* NBPhoneNumberDesc.h */,
				69CBB5941816F84E00F9DB01 /* NBPhoneNumberDesc.m */,
				69CBB5951816F84E00F9DB01 /* NBPhoneNumberMetadata.plist */,
				69CBB5961816F84E00F9DB01 /* NBPhoneNumberMetadataForTesting.plist */,
				69CBB5971816F84E00F9DB01 /* NBPhoneNumberUtil.h */,
				69CBB5981816F84E00F9DB01 /* NBPhoneNumberUtil.m */,
			);
			path = libPhoneNumber;
			sourceTree = "<group>";
		};
		69CBB5C51817004C00F9DB01 /* AFNetworking */ = {
			isa = PBXGroup;
			children = (
				697D0B271823EEAE00D2E941 /* AFHTTPRequestOperationManager.h */,
				697D0B281823EEAE00D2E941 /* AFHTTPRequestOperationManager.m */,
				697D0B291823EEAE00D2E941 /* AFHTTPSessionManager.h */,
				697D0B2A1823EEAE00D2E941 /* AFHTTPSessionManager.m */,
				697D0B2B1823EEAE00D2E941 /* AFNetworkReachabilityManager.h */,
				697D0B2C1823EEAE00D2E941 /* AFNetworkReachabilityManager.m */,
				697D0B2D1823EEAE00D2E941 /* AFSecurityPolicy.h */,
				697D0B2E1823EEAE00D2E941 /* AFSecurityPolicy.m */,
				697D0B2F1823EEAE00D2E941 /* AFURLRequestSerialization.h */,
				697D0B301823EEAE00D2E941 /* AFURLRequestSerialization.m */,
				697D0B311823EEAE00D2E941 /* AFURLResponseSerialization.h */,
				697D0B321823EEAE00D2E941 /* AFURLResponseSerialization.m */,
				697D0B331823EEAE00D2E941 /* AFURLSessionManager.h */,
				697D0B341823EEAE00D2E941 /* AFURLSessionManager.m */,
				69CBB5C81817004C00F9DB01 /* AFHTTPRequestOperation.h */,
				69CBB5C91817004C00F9DB01 /* AFHTTPRequestOperation.m */,
				69CBB5D01817004C00F9DB01 /* AFNetworking.h */,
				69CBB5D31817004C00F9DB01 /* AFURLConnectionOperation.h */,
				69CBB5D41817004C00F9DB01 /* AFURLConnectionOperation.m */,
			);
			path = AFNetworking;
			sourceTree = "<group>";
		};
		69CBB5EC1817086F00F9DB01 /* SVProgressHUD */ = {
			isa = PBXGroup;
			children = (
				69CBB5ED1817086F00F9DB01 /* SVProgressHUD.h */,
				69CBB5EE1817086F00F9DB01 /* SVProgressHUD.m */,
			);
			path = SVProgressHUD;
			sourceTree = "<group>";
		};
/* End PBXGroup section */

/* Begin PBXNativeTarget section */
		69CBB4321816C1F100F9DB01 /* GeoReporter */ = {
			isa = PBXNativeTarget;
			buildConfigurationList = 69CBB4651816C1F100F9DB01 /* Build configuration list for PBXNativeTarget "GeoReporter" */;
			buildPhases = (
				69CBB42F1816C1F100F9DB01 /* Sources */,
				69CBB4301816C1F100F9DB01 /* Frameworks */,
				69CBB4311816C1F100F9DB01 /* Resources */,
			);
			buildRules = (
			);
			dependencies = (
			);
			name = GeoReporter;
			productName = GeoReporter;
			productReference = 69CBB4331816C1F100F9DB01 /* GeoReporter.app */;
			productType = "com.apple.product-type.application";
		};
		69CBB4531816C1F100F9DB01 /* GeoReporterTests */ = {
			isa = PBXNativeTarget;
			buildConfigurationList = 69CBB4681816C1F100F9DB01 /* Build configuration list for PBXNativeTarget "GeoReporterTests" */;
			buildPhases = (
				69CBB4501816C1F100F9DB01 /* Sources */,
				69CBB4511816C1F100F9DB01 /* Frameworks */,
				69CBB4521816C1F100F9DB01 /* Resources */,
			);
			buildRules = (
			);
			dependencies = (
				69CBB45A1816C1F100F9DB01 /* PBXTargetDependency */,
			);
			name = GeoReporterTests;
			productName = GeoReporterTests;
			productReference = 69CBB4541816C1F100F9DB01 /* GeoReporterTests.xctest */;
			productType = "com.apple.product-type.bundle.unit-test";
		};
/* End PBXNativeTarget section */

/* Begin PBXProject section */
		69CBB42B1816C1F100F9DB01 /* Project object */ = {
			isa = PBXProject;
			attributes = {
				LastUpgradeCheck = 0500;
				ORGANIZATIONNAME = "City of Bloomington";
				TargetAttributes = {
					69CBB4531816C1F100F9DB01 = {
						TestTargetID = 69CBB4321816C1F100F9DB01;
					};
				};
			};
			buildConfigurationList = 69CBB42E1816C1F100F9DB01 /* Build configuration list for PBXProject "GeoReporter" */;
			compatibilityVersion = "Xcode 3.2";
			developmentRegion = English;
			hasScannedForEncodings = 0;
			knownRegions = (
				en,
				Base,
				de,
				fi,
				fr,
			);
			mainGroup = 69CBB42A1816C1F100F9DB01;
			productRefGroup = 69CBB4341816C1F100F9DB01 /* Products */;
			projectDirPath = "";
			projectRoot = "";
			targets = (
				69CBB4321816C1F100F9DB01 /* GeoReporter */,
				69CBB4531816C1F100F9DB01 /* GeoReporterTests */,
			);
		};
/* End PBXProject section */

/* Begin PBXResourcesBuildPhase section */
		69CBB4311816C1F100F9DB01 /* Resources */ = {
			isa = PBXResourcesBuildPhase;
			buildActionMask = 2147483647;
			files = (
				69CBB56D1816D33A00F9DB01 /* close.png in Resources */,
				69CBB57A1816D33A00F9DB01 /* radio_selected@2x.png in Resources */,
				69CBB55A1816D33A00F9DB01 /* chat@2x.png in Resources */,
				69CBB5711816D33A00F9DB01 /* home@2x.png in Resources */,
				69CBB5631816D33A00F9DB01 /* bonn.png in Resources */,
				69CBB55D1816D33A00F9DB01 /* checkbox_selected.png in Resources */,
				69CBB57E1816D33A00F9DB01 /* serverTableCell@2x.png in Resources */,
				69CBB59E1816F84E00F9DB01 /* NBPhoneNumberMetadata.plist in Resources */,
				69CBB5561816D33A00F9DB01 /* accountTableCell.png in Resources */,
				69B27AC8181966D0005C5FBF /* Localizable.strings in Resources */,
				69CBB57C1816D33A00F9DB01 /* radio_unselected@2x.png in Resources */,
				69CBB5A41816F8F600F9DB01 /* AvailableServers.plist in Resources */,
				69CBB5671816D33A00F9DB01 /* chicago.png in Resources */,
				69CBB44F1816C1F100F9DB01 /* Images.xcassets in Resources */,
				69CBB4411816C1F100F9DB01 /* InfoPlist.strings in Resources */,
				69CBB5591816D33A00F9DB01 /* chat.png in Resources */,
				69CBB56C1816D33A00F9DB01 /* open311@2x.png in Resources */,
				69CBB55F1816D33A00F9DB01 /* checkbox_unselected.png in Resources */,
				69CBB5781816D33A00F9DB01 /* megaphone@2x.png in Resources */,
				69CBB59F1816F84E00F9DB01 /* NBPhoneNumberMetadataForTesting.plist in Resources */,
				69CBB5621816D33A00F9DB01 /* bloomington@2x.png in Resources */,
				69CBB55B1816D33A00F9DB01 /* chatTableCell.png in Resources */,
				69CBB5571816D33A00F9DB01 /* accountTableCell@2x.png in Resources */,
				69CBB5741816D33A00F9DB01 /* list@2x.png in Resources */,
				69CBB56F1816D33A00F9DB01 /* cross-hairs-small-black-cropped.png in Resources */,
				69CBB5771816D33A00F9DB01 /* megaphone.png in Resources */,
				697ED6FC181FF75B006FD738 /* location@2x.png in Resources */,
				69CBB56B1816D33A00F9DB01 /* open311.png in Resources */,
				69CBB56E1816D33A00F9DB01 /* close@2x.png in Resources */,
				69CBB5661816D33A00F9DB01 /* boston@2x.png in Resources */,
				69CBB5751816D33A00F9DB01 /* listTableCell.png in Resources */,
				69CBB5731816D33A00F9DB01 /* list.png in Resources */,
				69CBB5681816D33A00F9DB01 /* chicago@2x.png in Resources */,
				69CBB56A1816D33A00F9DB01 /* columbus@2x.png in Resources */,
				69CBB55E1816D33A00F9DB01 /* checkbox_selected@2x.png in Resources */,
				69CBB55C1816D33A00F9DB01 /* chatTableCell@2x.png in Resources */,
				69CBB5581816D33A00F9DB01 /* camera.png in Resources */,
				69CBB57B1816D33A00F9DB01 /* radio_unselected.png in Resources */,
				69CBB5791816D33A00F9DB01 /* radio_selected.png in Resources */,
				69CBB5691816D33A00F9DB01 /* columbus.png in Resources */,
				69CBB57D1816D33A00F9DB01 /* serverTableCell.png in Resources */,
				69CBB44A1816C1F100F9DB01 /* Main.storyboard in Resources */,
				697ED6FB181FF75B006FD738 /* location.png in Resources */,
				69CBB5651816D33A00F9DB01 /* boston.png in Resources */,
				69CBB5701816D33A00F9DB01 /* home.png in Resources */,
				69CBB5611816D33A00F9DB01 /* bloomington.png in Resources */,
				69CBB5A31816F8F600F9DB01 /* about.html in Resources */,
				69CBB5761816D33A00F9DB01 /* listTableCell@2x.png in Resources */,
				69CBB5601816D33A00F9DB01 /* checkbox_unselected@2x.png in Resources */,
				69CBB5641816D33A00F9DB01 /* bonn@2x.png in Resources */,
			);
			runOnlyForDeploymentPostprocessing = 0;
		};
		69CBB4521816C1F100F9DB01 /* Resources */ = {
			isa = PBXResourcesBuildPhase;
			buildActionMask = 2147483647;
			files = (
				69CBB4601816C1F100F9DB01 /* InfoPlist.strings in Resources */,
			);
			runOnlyForDeploymentPostprocessing = 0;
		};
/* End PBXResourcesBuildPhase section */

/* Begin PBXSourcesBuildPhase section */
		69CBB42F1816C1F100F9DB01 /* Sources */ = {
			isa = PBXSourcesBuildPhase;
			buildActionMask = 2147483647;
			files = (
				69CBB51B1816D32400F9DB01 /* LocationCell.m in Sources */,
				69CBB5231816D32400F9DB01 /* ViewReportLocationCell.m in Sources */,
				69CBB51D1816D32400F9DB01 /* MultiValueListCell.m in Sources */,
				69CBB5141816D32400F9DB01 /* ChooseGroupController.m in Sources */,
				69CBB5991816F84E00F9DB01 /* NBAsYouTypeFormatter.m in Sources */,
				69CBB5EF1817086F00F9DB01 /* SVProgressHUD.m in Sources */,
				69CBB4471816C1F100F9DB01 /* AppDelegate.m in Sources */,
				697D0B391823EEAE00D2E941 /* AFURLRequestSerialization.m in Sources */,
				69CBB5251816D32400F9DB01 /* HomeController.m in Sources */,
				69CBB5281816D32400F9DB01 /* PersonalInfoController.m in Sources */,
				69CBB59B1816F84E00F9DB01 /* NBPhoneMetaData.m in Sources */,
				697D0B371823EEAE00D2E941 /* AFNetworkReachabilityManager.m in Sources */,
				697D0B381823EEAE00D2E941 /* AFSecurityPolicy.m in Sources */,
				69CBB51F1816D32400F9DB01 /* StringCell.m in Sources */,
				69CBB4D31816D31400F9DB01 /* Media.m in Sources */,
				69CBB5151816D32400F9DB01 /* ChooseServiceController.m in Sources */,
				69CBB51C1816D32400F9DB01 /* MediaCell.m in Sources */,
				69CBB5DF1817004C00F9DB01 /* AFURLConnectionOperation.m in Sources */,
				69CBB5A01816F84E00F9DB01 /* NBPhoneNumberUtil.m in Sources */,
				697D0B3A1823EEAE00D2E941 /* AFURLResponseSerialization.m in Sources */,
				69CBB4431816C1F100F9DB01 /* main.m in Sources */,
				69CBB5DA1817004C00F9DB01 /* AFHTTPRequestOperation.m in Sources */,
				69CBB5291816D32400F9DB01 /* ServersController.m in Sources */,
				69CBB5241816D32400F9DB01 /* FullImageController.m in Sources */,
				69CBB52A1816D32400F9DB01 /* ViewRequestController.m in Sources */,
				69CBB5A71816FF2B00F9DB01 /* NSArray+NBAdditions.m in Sources */,
				697D0B351823EEAE00D2E941 /* AFHTTPRequestOperationManager.m in Sources */,
				69CBB4C91816D30100F9DB01 /* Preferences.m in Sources */,
				69CBB5111816D32400F9DB01 /* AboutController.m in Sources */,
				69CBB4CA1816D30100F9DB01 /* Report.m in Sources */,
				69CBB59D1816F84E00F9DB01 /* NBPhoneNumberDesc.m in Sources */,
				69CBB5121816D32400F9DB01 /* AddServerController.m in Sources */,
				69CBB5261816D32400F9DB01 /* LocationController.m in Sources */,
				69CBB59C1816F84E00F9DB01 /* NBPhoneNumber.m in Sources */,
				69CBB5271816D32400F9DB01 /* NewReportController.m in Sources */,
				69CBB51A1816D32400F9DB01 /* FooterCell.m in Sources */,
				69CBB5861816F12700F9DB01 /* MBProgressHUD.m in Sources */,
				69CBB4D21816D31400F9DB01 /* Maps.m in Sources */,
				697D0B361823EEAE00D2E941 /* AFHTTPSessionManager.m in Sources */,
				69CBB5201816D32400F9DB01 /* TextCell.m in Sources */,
				69CBB4D41816D31400F9DB01 /* Strings.m in Sources */,
				69CBB59A1816F84E00F9DB01 /* NBNumberFormat.m in Sources */,
				69CBB5131816D32400F9DB01 /* ArchiveController.m in Sources */,
				69CBB51E1816D32400F9DB01 /* SingleValueListCell.m in Sources */,
				69CBB4C81816D30100F9DB01 /* Open311.m in Sources */,
				697D0B3B1823EEAE00D2E941 /* AFURLSessionManager.m in Sources */,
			);
			runOnlyForDeploymentPostprocessing = 0;
		};
		69CBB4501816C1F100F9DB01 /* Sources */ = {
			isa = PBXSourcesBuildPhase;
			buildActionMask = 2147483647;
			files = (
				69CBB4621816C1F100F9DB01 /* GeoReporterTests.m in Sources */,
			);
			runOnlyForDeploymentPostprocessing = 0;
		};
/* End PBXSourcesBuildPhase section */

/* Begin PBXTargetDependency section */
		69CBB45A1816C1F100F9DB01 /* PBXTargetDependency */ = {
			isa = PBXTargetDependency;
			target = 69CBB4321816C1F100F9DB01 /* GeoReporter */;
			targetProxy = 69CBB4591816C1F100F9DB01 /* PBXContainerItemProxy */;
		};
/* End PBXTargetDependency section */

/* Begin PBXVariantGroup section */
		69B27AC6181966D0005C5FBF /* Localizable.strings */ = {
			isa = PBXVariantGroup;
			children = (
				69B27AC7181966D0005C5FBF /* de */,
				69B27AC9181966E5005C5FBF /* en */,
				69B27ACA181966ED005C5FBF /* fi */,
				69B27ACB181966F5005C5FBF /* fr */,
			);
			name = Localizable.strings;
			sourceTree = "<group>";
		};
		69CBB43F1816C1F100F9DB01 /* InfoPlist.strings */ = {
			isa = PBXVariantGroup;
			children = (
				69CBB4401816C1F100F9DB01 /* en */,
			);
			name = InfoPlist.strings;
			sourceTree = "<group>";
		};
		69CBB4481816C1F100F9DB01 /* Main.storyboard */ = {
			isa = PBXVariantGroup;
			children = (
				69CBB4491816C1F100F9DB01 /* Base */,
				69CBB46C1816C21B00F9DB01 /* en */,
				69CBB57F1816EA4A00F9DB01 /* fi */,
				69CBB5801816EA5600F9DB01 /* de */,
				69CBB5811816EA6800F9DB01 /* fr */,
			);
			name = Main.storyboard;
			path = "Supporting Files";
			sourceTree = "<group>";
		};
		69CBB45E1816C1F100F9DB01 /* InfoPlist.strings */ = {
			isa = PBXVariantGroup;
			children = (
				69CBB45F1816C1F100F9DB01 /* en */,
			);
			name = InfoPlist.strings;
			sourceTree = "<group>";
		};
/* End PBXVariantGroup section */

/* Begin XCBuildConfiguration section */
		69CBB4631816C1F100F9DB01 /* Debug */ = {
			isa = XCBuildConfiguration;
			buildSettings = {
				ALWAYS_SEARCH_USER_PATHS = NO;
				ARCHS = "$(ARCHS_STANDARD_INCLUDING_64_BIT)";
				CLANG_CXX_LANGUAGE_STANDARD = "gnu++0x";
				CLANG_CXX_LIBRARY = "libc++";
				CLANG_ENABLE_MODULES = YES;
				CLANG_ENABLE_OBJC_ARC = YES;
				CLANG_WARN_BOOL_CONVERSION = YES;
				CLANG_WARN_CONSTANT_CONVERSION = YES;
				CLANG_WARN_DIRECT_OBJC_ISA_USAGE = YES_ERROR;
				CLANG_WARN_EMPTY_BODY = YES;
				CLANG_WARN_ENUM_CONVERSION = YES;
				CLANG_WARN_INT_CONVERSION = YES;
				CLANG_WARN_OBJC_ROOT_CLASS = YES_ERROR;
				CLANG_WARN__DUPLICATE_METHOD_MATCH = YES;
				"CODE_SIGN_IDENTITY[sdk=iphoneos*]" = "iPhone Developer";
				COPY_PHASE_STRIP = NO;
				GCC_C_LANGUAGE_STANDARD = gnu99;
				GCC_DYNAMIC_NO_PIC = NO;
				GCC_OPTIMIZATION_LEVEL = 0;
				GCC_PREPROCESSOR_DEFINITIONS = (
					"DEBUG=1",
					"$(inherited)",
				);
				GCC_SYMBOLS_PRIVATE_EXTERN = NO;
				GCC_WARN_64_TO_32_BIT_CONVERSION = YES;
				GCC_WARN_ABOUT_RETURN_TYPE = YES_ERROR;
				GCC_WARN_UNDECLARED_SELECTOR = YES;
				GCC_WARN_UNINITIALIZED_AUTOS = YES;
				GCC_WARN_UNUSED_FUNCTION = YES;
				GCC_WARN_UNUSED_VARIABLE = YES;
				IPHONEOS_DEPLOYMENT_TARGET = 6.1;
				ONLY_ACTIVE_ARCH = YES;
				SDKROOT = iphoneos;
			};
			name = Debug;
		};
		69CBB4641816C1F100F9DB01 /* Release */ = {
			isa = XCBuildConfiguration;
			buildSettings = {
				ALWAYS_SEARCH_USER_PATHS = NO;
				ARCHS = "$(ARCHS_STANDARD_INCLUDING_64_BIT)";
				CLANG_CXX_LANGUAGE_STANDARD = "gnu++0x";
				CLANG_CXX_LIBRARY = "libc++";
				CLANG_ENABLE_MODULES = YES;
				CLANG_ENABLE_OBJC_ARC = YES;
				CLANG_WARN_BOOL_CONVERSION = YES;
				CLANG_WARN_CONSTANT_CONVERSION = YES;
				CLANG_WARN_DIRECT_OBJC_ISA_USAGE = YES_ERROR;
				CLANG_WARN_EMPTY_BODY = YES;
				CLANG_WARN_ENUM_CONVERSION = YES;
				CLANG_WARN_INT_CONVERSION = YES;
				CLANG_WARN_OBJC_ROOT_CLASS = YES_ERROR;
				CLANG_WARN__DUPLICATE_METHOD_MATCH = YES;
				"CODE_SIGN_IDENTITY[sdk=iphoneos*]" = "iPhone Developer";
				COPY_PHASE_STRIP = YES;
				ENABLE_NS_ASSERTIONS = NO;
				GCC_C_LANGUAGE_STANDARD = gnu99;
				GCC_WARN_64_TO_32_BIT_CONVERSION = YES;
				GCC_WARN_ABOUT_RETURN_TYPE = YES_ERROR;
				GCC_WARN_UNDECLARED_SELECTOR = YES;
				GCC_WARN_UNINITIALIZED_AUTOS = YES;
				GCC_WARN_UNUSED_FUNCTION = YES;
				GCC_WARN_UNUSED_VARIABLE = YES;
				IPHONEOS_DEPLOYMENT_TARGET = 6.1;
				SDKROOT = iphoneos;
				VALIDATE_PRODUCT = YES;
			};
			name = Release;
		};
		69CBB4661816C1F100F9DB01 /* Debug */ = {
			isa = XCBuildConfiguration;
			buildSettings = {
				ASSETCATALOG_COMPILER_APPICON_NAME = AppIcon;
				ASSETCATALOG_COMPILER_LAUNCHIMAGE_NAME = LaunchImage;
				GCC_PRECOMPILE_PREFIX_HEADER = YES;
				GCC_PREFIX_HEADER = "GeoReporter/Supporting Files/GeoReporter-Prefix.pch";
				INFOPLIST_FILE = "$(SRCROOT)/GeoReporter/Supporting Files/GeoReporter-Info.plist";
				PRODUCT_NAME = "$(TARGET_NAME)";
				TARGETED_DEVICE_FAMILY = 1;
				WRAPPER_EXTENSION = app;
			};
			name = Debug;
		};
		69CBB4671816C1F100F9DB01 /* Release */ = {
			isa = XCBuildConfiguration;
			buildSettings = {
				ASSETCATALOG_COMPILER_APPICON_NAME = AppIcon;
				ASSETCATALOG_COMPILER_LAUNCHIMAGE_NAME = LaunchImage;
				GCC_PRECOMPILE_PREFIX_HEADER = YES;
				GCC_PREFIX_HEADER = "GeoReporter/Supporting Files/GeoReporter-Prefix.pch";
				INFOPLIST_FILE = "$(SRCROOT)/GeoReporter/Supporting Files/GeoReporter-Info.plist";
				PRODUCT_NAME = "$(TARGET_NAME)";
				TARGETED_DEVICE_FAMILY = 1;
				WRAPPER_EXTENSION = app;
			};
			name = Release;
		};
		69CBB4691816C1F100F9DB01 /* Debug */ = {
			isa = XCBuildConfiguration;
			buildSettings = {
				ARCHS = "$(ARCHS_STANDARD_INCLUDING_64_BIT)";
				BUNDLE_LOADER = "$(BUILT_PRODUCTS_DIR)/GeoReporter.app/GeoReporter";
				FRAMEWORK_SEARCH_PATHS = (
					"$(SDKROOT)/Developer/Library/Frameworks",
					"$(inherited)",
					"$(DEVELOPER_FRAMEWORKS_DIR)",
				);
				GCC_PRECOMPILE_PREFIX_HEADER = YES;
				GCC_PREFIX_HEADER = "GeoReporter/GeoReporter-Prefix.pch";
				GCC_PREPROCESSOR_DEFINITIONS = (
					"DEBUG=1",
					"$(inherited)",
				);
				INFOPLIST_FILE = "GeoReporterTests/GeoReporterTests-Info.plist";
				PRODUCT_NAME = "$(TARGET_NAME)";
				TEST_HOST = "$(BUNDLE_LOADER)";
				WRAPPER_EXTENSION = xctest;
			};
			name = Debug;
		};
		69CBB46A1816C1F100F9DB01 /* Release */ = {
			isa = XCBuildConfiguration;
			buildSettings = {
				ARCHS = "$(ARCHS_STANDARD_INCLUDING_64_BIT)";
				BUNDLE_LOADER = "$(BUILT_PRODUCTS_DIR)/GeoReporter.app/GeoReporter";
				FRAMEWORK_SEARCH_PATHS = (
					"$(SDKROOT)/Developer/Library/Frameworks",
					"$(inherited)",
					"$(DEVELOPER_FRAMEWORKS_DIR)",
				);
				GCC_PRECOMPILE_PREFIX_HEADER = YES;
				GCC_PREFIX_HEADER = "GeoReporter/GeoReporter-Prefix.pch";
				INFOPLIST_FILE = "GeoReporterTests/GeoReporterTests-Info.plist";
				PRODUCT_NAME = "$(TARGET_NAME)";
				TEST_HOST = "$(BUNDLE_LOADER)";
				WRAPPER_EXTENSION = xctest;
			};
			name = Release;
		};
/* End XCBuildConfiguration section */

/* Begin XCConfigurationList section */
		69CBB42E1816C1F100F9DB01 /* Build configuration list for PBXProject "GeoReporter" */ = {
			isa = XCConfigurationList;
			buildConfigurations = (
				69CBB4631816C1F100F9DB01 /* Debug */,
				69CBB4641816C1F100F9DB01 /* Release */,
			);
			defaultConfigurationIsVisible = 0;
			defaultConfigurationName = Release;
		};
		69CBB4651816C1F100F9DB01 /* Build configuration list for PBXNativeTarget "GeoReporter" */ = {
			isa = XCConfigurationList;
			buildConfigurations = (
				69CBB4661816C1F100F9DB01 /* Debug */,
				69CBB4671816C1F100F9DB01 /* Release */,
			);
			defaultConfigurationIsVisible = 0;
			defaultConfigurationName = Release;
		};
		69CBB4681816C1F100F9DB01 /* Build configuration list for PBXNativeTarget "GeoReporterTests" */ = {
			isa = XCConfigurationList;
			buildConfigurations = (
				69CBB4691816C1F100F9DB01 /* Debug */,
				69CBB46A1816C1F100F9DB01 /* Release */,
			);
			defaultConfigurationIsVisible = 0;
			defaultConfigurationName = Release;
		};
/* End XCConfigurationList section */
	};
	rootObject = 69CBB42B1816C1F100F9DB01 /* Project object */;
}
