PODS:
  - AFNetworking (1.3.2)
  - libPhoneNumber-iOS (0.5.7.1)
  - MBProgressHUD (0.8)
  - SVProgressHUD (0.9)
  - TPKeyboardAvoiding (1.1)

DEPENDENCIES:
  - AFNetworking (~> 1.3.2)
  - libPhoneNumber-iOS
  - MBProgressHUD
  - SVProgressHUD
  - TPKeyboardAvoiding

SPEC CHECKSUMS:
  AFNetworking: 7f9bcd7c287a75476cd5c61e82fd3380e93e4c54
  libPhoneNumber-iOS: 42aaad0f25935f82eb3730f634ba0bf73e368c37
  MBProgressHUD: 2bbc6f470111daf7f3eaa4eb12b8cbf01c4c0622
  SVProgressHUD: 03d4845ec8e64591726428a08236c6a5489d45f8
  TPKeyboardAvoiding: e1f92115fba393b45682fd48148d672b72a95c50

COCOAPODS: 0.25.0
